
Microsoft Visual Studio Solution File, Format Version 12.00
# Visual Studio Version 16
VisualStudioVersion = 16.0.29613.14
MinimumVisualStudioVersion = 10.0.40219.1
Project("{FAE04EC0-301F-11D3-BF4B-00C04F79EFBC}") = "SupportTools_Visio", "SupportTools_Visio\SupportTools_Visio.csproj", "{3C3897DE-F23C-435B-ACB2-242D72A1E74F}"
EndProject
Project("{2150E333-8FDC-42A3-9474-1A3956D46DE8}") = "Solution Items", "Solution Items", "{6E8C67B2-A461-4C8A-8CA0-C87F87CF0B7D}"
	ProjectSection(SolutionItems) = preProject
		..\..\..\..\temp\CodeCommandConsole_Config.xml = ..\..\..\..\temp\CodeCommandConsole_Config.xml
		..\SupportTools_Config.xml = ..\SupportTools_Config.xml
	EndProjectSection
EndProject
Project("{FAE04EC0-301F-11D3-BF4B-00C04F79EFBC}") = "VNC.AddinHelper", "..\VNC.AddinHelper\VNC.AddinHelper.csproj", "{DCD47414-B5DF-490A-A72B-CD66C68C9973}"
EndProject
Project("{2150E333-8FDC-42A3-9474-1A3956D46DE8}") = "Modules", "Modules", "{9964660A-CDE8-43A9-AB80-C3CB88F2FABB}"
EndProject
Project("{FAE04EC0-301F-11D3-BF4B-00C04F79EFBC}") = "ModuleA", "Modules\ModuleA\ModuleA.csproj", "{3D9A8549-A7A8-4DF9-829E-AEAE7ECACACA}"
EndProject
Project("{FAE04EC0-301F-11D3-BF4B-00C04F79EFBC}") = "SupportTools_Visio.Core", "SupportTools_Visio.Infrastructure\SupportTools_Visio.Core.csproj", "{BB1193EC-4836-4850-A4C4-0CD639EC39F5}"
EndProject
Project("{2150E333-8FDC-42A3-9474-1A3956D46DE8}") = "Application", "Application", "{E1476731-0359-401D-B204-2B87D5B0AADC}"
EndProject
Project("{2150E333-8FDC-42A3-9474-1A3956D46DE8}") = "ApplicationServices", "ApplicationServices", "{A366BA9D-31AC-4425-B3F7-79C149D8B6D2}"
EndProject
Project("{2150E333-8FDC-42A3-9474-1A3956D46DE8}") = "Domain", "Domain", "{6E1F03AE-E70B-47E4-9311-292E9E965F34}"
EndProject
Project("{2150E333-8FDC-42A3-9474-1A3956D46DE8}") = "DomainServices", "DomainServices", "{9220C387-CC40-4218-B99D-D6BB5EB7432F}"
EndProject
Project("{2150E333-8FDC-42A3-9474-1A3956D46DE8}") = "Infrastructure", "Infrastructure", "{21D67098-2181-4E9C-AC42-B75D18C8391C}"
EndProject
Project("{2150E333-8FDC-42A3-9474-1A3956D46DE8}") = "Persistence", "Persistence", "{F2BBE3E3-F906-48C5-87EE-AA607AF38ACF}"
EndProject
Project("{2150E333-8FDC-42A3-9474-1A3956D46DE8}") = "Presentation", "Presentation", "{426A2E67-D0F5-4D62-B6E2-A0F1E7B02D6D}"
EndProject
Project("{930C7802-8A8C-48F9-8165-68863BCCD9DD}") = "SetupProject1", "SetupProject1\SetupProject1.wixproj", "{DEC2CC1C-B3B0-4445-B9AA-C4716CCB658B}"
EndProject
Project("{9A19103F-16F7-4668-BE54-9A1E7A4F7556}") = "VNC.Core", "..\..\vnc\VNC.Core\VNC.Core.csproj", "{C4E954D3-2A7A-48D2-B212-8B9A96BFEB4F}"
EndProject
Project("{9A19103F-16F7-4668-BE54-9A1E7A4F7556}") = "VNC.WPF.Presentation", "..\..\vnc\VNC.WPF.Presentation\VNC.WPF.Presentation.csproj", "{21E368BE-7C86-42CF-AAB7-123070FDC5AD}"
EndProject
Project("{9A19103F-16F7-4668-BE54-9A1E7A4F7556}") = "VNC.WPF.Presentation.Dx", "..\..\vnc\VNC.WPF.Presentation.Dx\VNC.WPF.Presentation.Dx.csproj", "{EF9950A0-BF0E-4046-827C-F4186D15E286}"
EndProject
Project("{9A19103F-16F7-4668-BE54-9A1E7A4F7556}") = "VNC.AssemblyHelper", "..\..\vnc\VNC.AssemblyHelper\VNC.AssembyHelper\VNC.AssemblyHelper.csproj", "{1A02AFBE-C49B-49F3-8126-F346872B2BB6}"
EndProject
Global
	GlobalSection(SolutionConfigurationPlatforms) = preSolution
		All|Any CPU = All|Any CPU
		All|x64 = All|x64
		All|x86 = All|x86
		Debug|Any CPU = Debug|Any CPU
		Debug|x64 = Debug|x64
		Debug|x86 = Debug|x86
		Release|Any CPU = Release|Any CPU
		Release|x64 = Release|x64
		Release|x86 = Release|x86
	EndGlobalSection
	GlobalSection(ProjectConfigurationPlatforms) = postSolution
		{3C3897DE-F23C-435B-ACB2-242D72A1E74F}.All|Any CPU.ActiveCfg = Release|Any CPU
		{3C3897DE-F23C-435B-ACB2-242D72A1E74F}.All|Any CPU.Build.0 = Release|Any CPU
		{3C3897DE-F23C-435B-ACB2-242D72A1E74F}.All|x64.ActiveCfg = Release|x64
		{3C3897DE-F23C-435B-ACB2-242D72A1E74F}.All|x64.Build.0 = Release|x64
		{3C3897DE-F23C-435B-ACB2-242D72A1E74F}.All|x86.ActiveCfg = Release|x86
		{3C3897DE-F23C-435B-ACB2-242D72A1E74F}.All|x86.Build.0 = Release|x86
		{3C3897DE-F23C-435B-ACB2-242D72A1E74F}.Debug|Any CPU.ActiveCfg = Debug|Any CPU
		{3C3897DE-F23C-435B-ACB2-242D72A1E74F}.Debug|Any CPU.Build.0 = Debug|Any CPU
		{3C3897DE-F23C-435B-ACB2-242D72A1E74F}.Debug|x64.ActiveCfg = Debug|x64
		{3C3897DE-F23C-435B-ACB2-242D72A1E74F}.Debug|x64.Build.0 = Debug|x64
		{3C3897DE-F23C-435B-ACB2-242D72A1E74F}.Debug|x86.ActiveCfg = Debug|x86
		{3C3897DE-F23C-435B-ACB2-242D72A1E74F}.Debug|x86.Build.0 = Debug|x86
		{3C3897DE-F23C-435B-ACB2-242D72A1E74F}.Release|Any CPU.ActiveCfg = Release|Any CPU
		{3C3897DE-F23C-435B-ACB2-242D72A1E74F}.Release|Any CPU.Build.0 = Release|Any CPU
		{3C3897DE-F23C-435B-ACB2-242D72A1E74F}.Release|x64.ActiveCfg = Release|x64
		{3C3897DE-F23C-435B-ACB2-242D72A1E74F}.Release|x64.Build.0 = Release|x64
		{3C3897DE-F23C-435B-ACB2-242D72A1E74F}.Release|x86.ActiveCfg = Release|x86
		{3C3897DE-F23C-435B-ACB2-242D72A1E74F}.Release|x86.Build.0 = Release|x86
		{DCD47414-B5DF-490A-A72B-CD66C68C9973}.All|Any CPU.ActiveCfg = All|Any CPU
		{DCD47414-B5DF-490A-A72B-CD66C68C9973}.All|Any CPU.Build.0 = All|Any CPU
		{DCD47414-B5DF-490A-A72B-CD66C68C9973}.All|x64.ActiveCfg = All|x64
		{DCD47414-B5DF-490A-A72B-CD66C68C9973}.All|x64.Build.0 = All|x64
		{DCD47414-B5DF-490A-A72B-CD66C68C9973}.All|x86.ActiveCfg = All|x86
		{DCD47414-B5DF-490A-A72B-CD66C68C9973}.All|x86.Build.0 = All|x86
		{DCD47414-B5DF-490A-A72B-CD66C68C9973}.Debug|Any CPU.ActiveCfg = Debug|Any CPU
		{DCD47414-B5DF-490A-A72B-CD66C68C9973}.Debug|Any CPU.Build.0 = Debug|Any CPU
		{DCD47414-B5DF-490A-A72B-CD66C68C9973}.Debug|x64.ActiveCfg = Debug|x64
		{DCD47414-B5DF-490A-A72B-CD66C68C9973}.Debug|x64.Build.0 = Debug|x64
		{DCD47414-B5DF-490A-A72B-CD66C68C9973}.Debug|x86.ActiveCfg = Debug|x86
		{DCD47414-B5DF-490A-A72B-CD66C68C9973}.Debug|x86.Build.0 = Debug|x86
		{DCD47414-B5DF-490A-A72B-CD66C68C9973}.Release|Any CPU.ActiveCfg = Release|Any CPU
		{DCD47414-B5DF-490A-A72B-CD66C68C9973}.Release|Any CPU.Build.0 = Release|Any CPU
		{DCD47414-B5DF-490A-A72B-CD66C68C9973}.Release|x64.ActiveCfg = Release|x64
		{DCD47414-B5DF-490A-A72B-CD66C68C9973}.Release|x64.Build.0 = Release|x64
		{DCD47414-B5DF-490A-A72B-CD66C68C9973}.Release|x86.ActiveCfg = Release|x86
		{DCD47414-B5DF-490A-A72B-CD66C68C9973}.Release|x86.Build.0 = Release|x86
		{3D9A8549-A7A8-4DF9-829E-AEAE7ECACACA}.All|Any CPU.ActiveCfg = Release|Any CPU
		{3D9A8549-A7A8-4DF9-829E-AEAE7ECACACA}.All|Any CPU.Build.0 = Release|Any CPU
		{3D9A8549-A7A8-4DF9-829E-AEAE7ECACACA}.All|x64.ActiveCfg = Release|x64
		{3D9A8549-A7A8-4DF9-829E-AEAE7ECACACA}.All|x64.Build.0 = Release|x64
		{3D9A8549-A7A8-4DF9-829E-AEAE7ECACACA}.All|x86.ActiveCfg = Release|x86
		{3D9A8549-A7A8-4DF9-829E-AEAE7ECACACA}.All|x86.Build.0 = Release|x86
		{3D9A8549-A7A8-4DF9-829E-AEAE7ECACACA}.Debug|Any CPU.ActiveCfg = Debug|Any CPU
		{3D9A8549-A7A8-4DF9-829E-AEAE7ECACACA}.Debug|Any CPU.Build.0 = Debug|Any CPU
		{3D9A8549-A7A8-4DF9-829E-AEAE7ECACACA}.Debug|x64.ActiveCfg = Debug|x64
		{3D9A8549-A7A8-4DF9-829E-AEAE7ECACACA}.Debug|x64.Build.0 = Debug|x64
		{3D9A8549-A7A8-4DF9-829E-AEAE7ECACACA}.Debug|x86.ActiveCfg = Debug|x86
		{3D9A8549-A7A8-4DF9-829E-AEAE7ECACACA}.Debug|x86.Build.0 = Debug|x86
		{3D9A8549-A7A8-4DF9-829E-AEAE7ECACACA}.Release|Any CPU.ActiveCfg = Release|Any CPU
		{3D9A8549-A7A8-4DF9-829E-AEAE7ECACACA}.Release|Any CPU.Build.0 = Release|Any CPU
		{3D9A8549-A7A8-4DF9-829E-AEAE7ECACACA}.Release|x64.ActiveCfg = Release|x64
		{3D9A8549-A7A8-4DF9-829E-AEAE7ECACACA}.Release|x64.Build.0 = Release|x64
		{3D9A8549-A7A8-4DF9-829E-AEAE7ECACACA}.Release|x86.ActiveCfg = Release|x86
		{3D9A8549-A7A8-4DF9-829E-AEAE7ECACACA}.Release|x86.Build.0 = Release|x86
		{BB1193EC-4836-4850-A4C4-0CD639EC39F5}.All|Any CPU.ActiveCfg = Release|Any CPU
		{BB1193EC-4836-4850-A4C4-0CD639EC39F5}.All|Any CPU.Build.0 = Release|Any CPU
		{BB1193EC-4836-4850-A4C4-0CD639EC39F5}.All|x64.ActiveCfg = Release|x64
		{BB1193EC-4836-4850-A4C4-0CD639EC39F5}.All|x64.Build.0 = Release|x64
		{BB1193EC-4836-4850-A4C4-0CD639EC39F5}.All|x86.ActiveCfg = Release|x86
		{BB1193EC-4836-4850-A4C4-0CD639EC39F5}.All|x86.Build.0 = Release|x86
		{BB1193EC-4836-4850-A4C4-0CD639EC39F5}.Debug|Any CPU.ActiveCfg = Debug|Any CPU
		{BB1193EC-4836-4850-A4C4-0CD639EC39F5}.Debug|Any CPU.Build.0 = Debug|Any CPU
		{BB1193EC-4836-4850-A4C4-0CD639EC39F5}.Debug|x64.ActiveCfg = Debug|x64
		{BB1193EC-4836-4850-A4C4-0CD639EC39F5}.Debug|x64.Build.0 = Debug|x64
		{BB1193EC-4836-4850-A4C4-0CD639EC39F5}.Debug|x86.ActiveCfg = Debug|x86
		{BB1193EC-4836-4850-A4C4-0CD639EC39F5}.Debug|x86.Build.0 = Debug|x86
		{BB1193EC-4836-4850-A4C4-0CD639EC39F5}.Release|Any CPU.ActiveCfg = Release|Any CPU
		{BB1193EC-4836-4850-A4C4-0CD639EC39F5}.Release|Any CPU.Build.0 = Release|Any CPU
		{BB1193EC-4836-4850-A4C4-0CD639EC39F5}.Release|x64.ActiveCfg = Release|x64
		{BB1193EC-4836-4850-A4C4-0CD639EC39F5}.Release|x64.Build.0 = Release|x64
		{BB1193EC-4836-4850-A4C4-0CD639EC39F5}.Release|x86.ActiveCfg = Release|x86
		{BB1193EC-4836-4850-A4C4-0CD639EC39F5}.Release|x86.Build.0 = Release|x86
		{DEC2CC1C-B3B0-4445-B9AA-C4716CCB658B}.All|Any CPU.ActiveCfg = Release|x86
		{DEC2CC1C-B3B0-4445-B9AA-C4716CCB658B}.All|Any CPU.Build.0 = Release|x86
		{DEC2CC1C-B3B0-4445-B9AA-C4716CCB658B}.All|x64.ActiveCfg = Release|x86
		{DEC2CC1C-B3B0-4445-B9AA-C4716CCB658B}.All|x64.Build.0 = Release|x86
		{DEC2CC1C-B3B0-4445-B9AA-C4716CCB658B}.All|x86.ActiveCfg = Release|x86
		{DEC2CC1C-B3B0-4445-B9AA-C4716CCB658B}.All|x86.Build.0 = Release|x86
		{DEC2CC1C-B3B0-4445-B9AA-C4716CCB658B}.Debug|Any CPU.ActiveCfg = Debug|x86
		{DEC2CC1C-B3B0-4445-B9AA-C4716CCB658B}.Debug|x64.ActiveCfg = Debug|x86
		{DEC2CC1C-B3B0-4445-B9AA-C4716CCB658B}.Debug|x86.ActiveCfg = Debug|x86
		{DEC2CC1C-B3B0-4445-B9AA-C4716CCB658B}.Debug|x86.Build.0 = Debug|x86
		{DEC2CC1C-B3B0-4445-B9AA-C4716CCB658B}.Release|Any CPU.ActiveCfg = Release|x86
		{DEC2CC1C-B3B0-4445-B9AA-C4716CCB658B}.Release|x64.ActiveCfg = Release|x86
		{DEC2CC1C-B3B0-4445-B9AA-C4716CCB658B}.Release|x86.ActiveCfg = Release|x86
		{DEC2CC1C-B3B0-4445-B9AA-C4716CCB658B}.Release|x86.Build.0 = Release|x86
		{C4E954D3-2A7A-48D2-B212-8B9A96BFEB4F}.All|Any CPU.ActiveCfg = Debug|Any CPU
		{C4E954D3-2A7A-48D2-B212-8B9A96BFEB4F}.All|Any CPU.Build.0 = Debug|Any CPU
		{C4E954D3-2A7A-48D2-B212-8B9A96BFEB4F}.All|x64.ActiveCfg = Debug|x64
		{C4E954D3-2A7A-48D2-B212-8B9A96BFEB4F}.All|x64.Build.0 = Debug|x64
		{C4E954D3-2A7A-48D2-B212-8B9A96BFEB4F}.All|x86.ActiveCfg = Debug|x86
		{C4E954D3-2A7A-48D2-B212-8B9A96BFEB4F}.All|x86.Build.0 = Debug|x86
		{C4E954D3-2A7A-48D2-B212-8B9A96BFEB4F}.Debug|Any CPU.ActiveCfg = Debug|Any CPU
		{C4E954D3-2A7A-48D2-B212-8B9A96BFEB4F}.Debug|Any CPU.Build.0 = Debug|Any CPU
		{C4E954D3-2A7A-48D2-B212-8B9A96BFEB4F}.Debug|x64.ActiveCfg = Debug|x64
		{C4E954D3-2A7A-48D2-B212-8B9A96BFEB4F}.Debug|x64.Build.0 = Debug|x64
		{C4E954D3-2A7A-48D2-B212-8B9A96BFEB4F}.Debug|x86.ActiveCfg = Debug|x86
		{C4E954D3-2A7A-48D2-B212-8B9A96BFEB4F}.Debug|x86.Build.0 = Debug|x86
		{C4E954D3-2A7A-48D2-B212-8B9A96BFEB4F}.Release|Any CPU.ActiveCfg = Release|Any CPU
		{C4E954D3-2A7A-48D2-B212-8B9A96BFEB4F}.Release|Any CPU.Build.0 = Release|Any CPU
		{C4E954D3-2A7A-48D2-B212-8B9A96BFEB4F}.Release|x64.ActiveCfg = Release|x64
		{C4E954D3-2A7A-48D2-B212-8B9A96BFEB4F}.Release|x64.Build.0 = Release|x64
		{C4E954D3-2A7A-48D2-B212-8B9A96BFEB4F}.Release|x86.ActiveCfg = Release|x86
		{C4E954D3-2A7A-48D2-B212-8B9A96BFEB4F}.Release|x86.Build.0 = Release|x86
		{21E368BE-7C86-42CF-AAB7-123070FDC5AD}.All|Any CPU.ActiveCfg = Debug|Any CPU
		{21E368BE-7C86-42CF-AAB7-123070FDC5AD}.All|Any CPU.Build.0 = Debug|Any CPU
		{21E368BE-7C86-42CF-AAB7-123070FDC5AD}.All|x64.ActiveCfg = Debug|Any CPU
		{21E368BE-7C86-42CF-AAB7-123070FDC5AD}.All|x64.Build.0 = Debug|Any CPU
		{21E368BE-7C86-42CF-AAB7-123070FDC5AD}.All|x86.ActiveCfg = Debug|Any CPU
		{21E368BE-7C86-42CF-AAB7-123070FDC5AD}.All|x86.Build.0 = Debug|Any CPU
		{21E368BE-7C86-42CF-AAB7-123070FDC5AD}.Debug|Any CPU.ActiveCfg = Debug|Any CPU
		{21E368BE-7C86-42CF-AAB7-123070FDC5AD}.Debug|Any CPU.Build.0 = Debug|Any CPU
		{21E368BE-7C86-42CF-AAB7-123070FDC5AD}.Debug|x64.ActiveCfg = Debug|Any CPU
		{21E368BE-7C86-42CF-AAB7-123070FDC5AD}.Debug|x64.Build.0 = Debug|Any CPU
		{21E368BE-7C86-42CF-AAB7-123070FDC5AD}.Debug|x86.ActiveCfg = Debug|Any CPU
		{21E368BE-7C86-42CF-AAB7-123070FDC5AD}.Debug|x86.Build.0 = Debug|Any CPU
		{21E368BE-7C86-42CF-AAB7-123070FDC5AD}.Release|Any CPU.ActiveCfg = Release|Any CPU
		{21E368BE-7C86-42CF-AAB7-123070FDC5AD}.Release|Any CPU.Build.0 = Release|Any CPU
		{21E368BE-7C86-42CF-AAB7-123070FDC5AD}.Release|x64.ActiveCfg = Release|Any CPU
		{21E368BE-7C86-42CF-AAB7-123070FDC5AD}.Release|x64.Build.0 = Release|Any CPU
		{21E368BE-7C86-42CF-AAB7-123070FDC5AD}.Release|x86.ActiveCfg = Release|Any CPU
		{21E368BE-7C86-42CF-AAB7-123070FDC5AD}.Release|x86.Build.0 = Release|Any CPU
		{EF9950A0-BF0E-4046-827C-F4186D15E286}.All|Any CPU.ActiveCfg = Debug|Any CPU
		{EF9950A0-BF0E-4046-827C-F4186D15E286}.All|Any CPU.Build.0 = Debug|Any CPU
		{EF9950A0-BF0E-4046-827C-F4186D15E286}.All|x64.ActiveCfg = Debug|Any CPU
		{EF9950A0-BF0E-4046-827C-F4186D15E286}.All|x64.Build.0 = Debug|Any CPU
		{EF9950A0-BF0E-4046-827C-F4186D15E286}.All|x86.ActiveCfg = Debug|Any CPU
		{EF9950A0-BF0E-4046-827C-F4186D15E286}.All|x86.Build.0 = Debug|Any CPU
		{EF9950A0-BF0E-4046-827C-F4186D15E286}.Debug|Any CPU.ActiveCfg = Debug|Any CPU
		{EF9950A0-BF0E-4046-827C-F4186D15E286}.Debug|Any CPU.Build.0 = Debug|Any CPU
		{EF9950A0-BF0E-4046-827C-F4186D15E286}.Debug|x64.ActiveCfg = Debug|Any CPU
		{EF9950A0-BF0E-4046-827C-F4186D15E286}.Debug|x64.Build.0 = Debug|Any CPU
		{EF9950A0-BF0E-4046-827C-F4186D15E286}.Debug|x86.ActiveCfg = Debug|Any CPU
		{EF9950A0-BF0E-4046-827C-F4186D15E286}.Debug|x86.Build.0 = Debug|Any CPU
		{EF9950A0-BF0E-4046-827C-F4186D15E286}.Release|Any CPU.ActiveCfg = Release|Any CPU
		{EF9950A0-BF0E-4046-827C-F4186D15E286}.Release|Any CPU.Build.0 = Release|Any CPU
		{EF9950A0-BF0E-4046-827C-F4186D15E286}.Release|x64.ActiveCfg = Release|Any CPU
		{EF9950A0-BF0E-4046-827C-F4186D15E286}.Release|x64.Build.0 = Release|Any CPU
		{EF9950A0-BF0E-4046-827C-F4186D15E286}.Release|x86.ActiveCfg = Release|Any CPU
		{EF9950A0-BF0E-4046-827C-F4186D15E286}.Release|x86.Build.0 = Release|Any CPU
		{1A02AFBE-C49B-49F3-8126-F346872B2BB6}.All|Any CPU.ActiveCfg = Debug|Any CPU
		{1A02AFBE-C49B-49F3-8126-F346872B2BB6}.All|Any CPU.Build.0 = Debug|Any CPU
		{1A02AFBE-C49B-49F3-8126-F346872B2BB6}.All|x64.ActiveCfg = Debug|Any CPU
		{1A02AFBE-C49B-49F3-8126-F346872B2BB6}.All|x64.Build.0 = Debug|Any CPU
		{1A02AFBE-C49B-49F3-8126-F346872B2BB6}.All|x86.ActiveCfg = Debug|Any CPU
		{1A02AFBE-C49B-49F3-8126-F346872B2BB6}.All|x86.Build.0 = Debug|Any CPU
		{1A02AFBE-C49B-49F3-8126-F346872B2BB6}.Debug|Any CPU.ActiveCfg = Debug|Any CPU
		{1A02AFBE-C49B-49F3-8126-F346872B2BB6}.Debug|Any CPU.Build.0 = Debug|Any CPU
		{1A02AFBE-C49B-49F3-8126-F346872B2BB6}.Debug|x64.ActiveCfg = Debug|Any CPU
		{1A02AFBE-C49B-49F3-8126-F346872B2BB6}.Debug|x64.Build.0 = Debug|Any CPU
		{1A02AFBE-C49B-49F3-8126-F346872B2BB6}.Debug|x86.ActiveCfg = Debug|Any CPU
		{1A02AFBE-C49B-49F3-8126-F346872B2BB6}.Debug|x86.Build.0 = Debug|Any CPU
		{1A02AFBE-C49B-49F3-8126-F346872B2BB6}.Release|Any CPU.ActiveCfg = Release|Any CPU
		{1A02AFBE-C49B-49F3-8126-F346872B2BB6}.Release|Any CPU.Build.0 = Release|Any CPU
		{1A02AFBE-C49B-49F3-8126-F346872B2BB6}.Release|x64.ActiveCfg = Release|Any CPU
		{1A02AFBE-C49B-49F3-8126-F346872B2BB6}.Release|x64.Build.0 = Release|Any CPU
		{1A02AFBE-C49B-49F3-8126-F346872B2BB6}.Release|x86.ActiveCfg = Release|Any CPU
		{1A02AFBE-C49B-49F3-8126-F346872B2BB6}.Release|x86.Build.0 = Release|Any CPU
	EndGlobalSection
	GlobalSection(SolutionProperties) = preSolution
		HideSolutionNode = FALSE
	EndGlobalSection
	GlobalSection(NestedProjects) = preSolution
		{3C3897DE-F23C-435B-ACB2-242D72A1E74F} = {426A2E67-D0F5-4D62-B6E2-A0F1E7B02D6D}
		{DCD47414-B5DF-490A-A72B-CD66C68C9973} = {21D67098-2181-4E9C-AC42-B75D18C8391C}
		{3D9A8549-A7A8-4DF9-829E-AEAE7ECACACA} = {9964660A-CDE8-43A9-AB80-C3CB88F2FABB}
		{BB1193EC-4836-4850-A4C4-0CD639EC39F5} = {21D67098-2181-4E9C-AC42-B75D18C8391C}
		{C4E954D3-2A7A-48D2-B212-8B9A96BFEB4F} = {21D67098-2181-4E9C-AC42-B75D18C8391C}
		{21E368BE-7C86-42CF-AAB7-123070FDC5AD} = {426A2E67-D0F5-4D62-B6E2-A0F1E7B02D6D}
		{EF9950A0-BF0E-4046-827C-F4186D15E286} = {426A2E67-D0F5-4D62-B6E2-A0F1E7B02D6D}
		{1A02AFBE-C49B-49F3-8126-F346872B2BB6} = {21D67098-2181-4E9C-AC42-B75D18C8391C}
	EndGlobalSection
	GlobalSection(ExtensibilityGlobals) = postSolution
		EnterpriseLibraryConfigurationToolBinariesPathV6 = packages\EnterpriseLibrary.Common.6.0.1304.0\lib\NET45;packages\EnterpriseLibrary.Logging.6.0.1304.0\lib\NET45
		SolutionGuid = {B53995B5-300E-4344-9884-E3A482ED16D2}
	EndGlobalSection
EndGlobal
