
Microsoft Visual Studio Solution File, Format Version 12.00
# Visual Studio Version 16
VisualStudioVersion = 16.0.30225.117
MinimumVisualStudioVersion = 10.0.40219.1
Project("{FAE04EC0-301F-11D3-BF4B-00C04F79EFBC}") = "VisioAddIn1", "VisioAddIn1.csproj", "{4D300CAF-2232-411E-B331-1637BAB582BA}"
EndProject
Global
	GlobalSection(SolutionConfigurationPlatforms) = preSolution
		Debug|Any CPU = Debug|Any CPU
		Release|Any CPU = Release|Any CPU
	EndGlobalSection
	GlobalSection(ProjectConfigurationPlatforms) = postSolution
		{4D300CAF-2232-411E-B331-1637BAB582BA}.Debug|Any CPU.ActiveCfg = Debug|Any CPU
		{4D300CAF-2232-411E-B331-1637BAB582BA}.Debug|Any CPU.Build.0 = Debug|Any CPU
		{4D300CAF-2232-411E-B331-1637BAB582BA}.Release|Any CPU.ActiveCfg = Release|Any CPU
		{4D300CAF-2232-411E-B331-1637BAB582BA}.Release|Any CPU.Build.0 = Release|Any CPU
	EndGlobalSection
	GlobalSection(SolutionProperties) = preSolution
		HideSolutionNode = FALSE
	EndGlobalSection
	GlobalSection(ExtensibilityGlobals) = postSolution
		SolutionGuid = {EDD74306-76FF-4AD8-8B66-A38A388FD6B2}
	EndGlobalSection
EndGlobal
