
Microsoft Visual Studio Solution File, Format Version 12.00
# Visual Studio Version 16
VisualStudioVersion = 16.0.29324.140
MinimumVisualStudioVersion = 10.0.40219.1
Project("{FAE04EC0-301F-11D3-BF4B-00C04F79EFBC}") = "SupportTools_Excel", "SupportTools_Excel\SupportTools_Excel.csproj", "{90EEA2C1-ACE6-4CBE-91AC-6FE8D69B5BC3}"
	ProjectSection(ProjectDependencies) = postProject
		{DCD47414-B5DF-490A-A72B-CD66C68C9973} = {DCD47414-B5DF-490A-A72B-CD66C68C9973}
	EndProjectSection
EndProject
Project("{2150E333-8FDC-42A3-9474-1A3956D46DE8}") = "Solution Items", "Solution Items", "{7328AC01-BF52-4420-ACCF-BFB42EA1449C}"
	ProjectSection(SolutionItems) = preProject
		..\..\..\..\..\temp\SupportTools_Config.xml = ..\..\..\..\..\temp\SupportTools_Config.xml
		..\..\..\..\..\temp\SupportTools_Excel.xml = ..\..\..\..\..\temp\SupportTools_Excel.xml
		..\..\..\..\..\temp\SupportTools_Visio.xml = ..\..\..\..\..\temp\SupportTools_Visio.xml
	EndProjectSection
EndProject
Project("{FAE04EC0-301F-11D3-BF4B-00C04F79EFBC}") = "VNC.AddinHelper", "..\VNC.AddinHelper\VNC.AddinHelper.csproj", "{DCD47414-B5DF-490A-A72B-CD66C68C9973}"
EndProject
Project("{FAE04EC0-301F-11D3-BF4B-00C04F79EFBC}") = "ModuleOptions", "ModuleOptions\ModuleOptions.csproj", "{88BDCDD4-816B-4A4A-8DF6-72FE2644714C}"
EndProject
Project("{FAE04EC0-301F-11D3-BF4B-00C04F79EFBC}") = "VNC.WPF.Presentation", "..\..\VNC.WPF.Presentation\VNC.WPF.Presentation.csproj", "{D26CC080-8055-49DC-A176-8A6D4134AC58}"
EndProject
Project("{2150E333-8FDC-42A3-9474-1A3956D46DE8}") = "Application", "Application", "{AED1ED52-3201-433C-A63C-1EFD21F5BAB4}"
EndProject
Project("{2150E333-8FDC-42A3-9474-1A3956D46DE8}") = "ApplicationServices", "ApplicationServices", "{2A3B1ECF-1576-42B9-9DDA-75DCA5820CBE}"
EndProject
Project("{2150E333-8FDC-42A3-9474-1A3956D46DE8}") = "Domain", "Domain", "{169D2E58-497B-46E6-9C51-79E1B91EEFBB}"
EndProject
Project("{2150E333-8FDC-42A3-9474-1A3956D46DE8}") = "DomainServices", "DomainServices", "{904144A3-1C54-4ED6-8919-6AD1BDCAB2A9}"
EndProject
Project("{2150E333-8FDC-42A3-9474-1A3956D46DE8}") = "Infrastructure", "Infrastructure", "{218FF1DE-B270-4651-AE7A-61912FF7EA42}"
EndProject
Project("{2150E333-8FDC-42A3-9474-1A3956D46DE8}") = "Modules", "Modules", "{A48D6CA7-3475-4E8D-A69A-0A5F58753AE2}"
EndProject
Project("{2150E333-8FDC-42A3-9474-1A3956D46DE8}") = "Persistence", "Persistence", "{9CC3310C-0D61-49E2-BE50-9E53150B0674}"
EndProject
Project("{2150E333-8FDC-42A3-9474-1A3956D46DE8}") = "Presentation", "Presentation", "{A2FA3A9A-78D6-47B4-B805-AF7FF9508FE1}"
EndProject
Project("{FAE04EC0-301F-11D3-BF4B-00C04F79EFBC}") = "VNC.WPF.Presentation.Dx", "..\..\VNC.WPF.Presentation.Dx\VNC.WPF.Presentation.Dx.csproj", "{4D03FB82-471E-41B3-BEF7-6788215D89A2}"
EndProject
Project("{FAE04EC0-301F-11D3-BF4B-00C04F79EFBC}") = "ModuleA", "Modules\ModuleA\ModuleA.csproj", "{3D9A8549-A7A8-4DF9-829E-AEAE7ECACACA}"
EndProject
Project("{FAE04EC0-301F-11D3-BF4B-00C04F79EFBC}") = "SupportTools_Excel.Infrastructure", "SupportTools_Excel.Infrastructure\SupportTools_Excel.Infrastructure.csproj", "{BB1193EC-4836-4850-A4C4-0CD639EC39F5}"
EndProject
Project("{FAE04EC0-301F-11D3-BF4B-00C04F79EFBC}") = "VNC.ActiveDirectoryHelper", "..\..\..\vnc\VNC.ActiveDirectoryHelper\VNC.ActiveDirectoryHelper.csproj", "{1032CE4C-4274-476A-8AEF-7147241D4B4A}"
EndProject
Project("{FAE04EC0-301F-11D3-BF4B-00C04F79EFBC}") = "VNC.Core", "..\..\..\vnc\VNC.Core\VNC.Core.csproj", "{C4E954D3-2A7A-48D2-B212-8B9A96BFEB4F}"
EndProject
Project("{FAE04EC0-301F-11D3-BF4B-00C04F79EFBC}") = "VNC.Logging", "..\..\..\vnc\VNC.Logging\VNC.Logging.csproj", "{0A14CB8D-94E2-4BD4-BAB3-1DC242D49F03}"
EndProject
Project("{FAE04EC0-301F-11D3-BF4B-00C04F79EFBC}") = "VNC.SMOHelper", "..\..\..\vnc\VNC.SMOHelper\VNC.SMOHelper.csproj", "{E572DFB9-4A2F-4D14-887D-0E5EB1D36B2F}"
EndProject
Project("{FAE04EC0-301F-11D3-BF4B-00C04F79EFBC}") = "VNC.TFSHelper", "..\..\..\vnc\VNC.TFSHelper\VNC.TFSHelper.csproj", "{B80909B9-9929-4796-B8E9-B07433A98F62}"
EndProject
Project("{FAE04EC0-301F-11D3-BF4B-00C04F79EFBC}") = "VNC.XamlHelper", "..\..\..\vnc\VNC.XamlHelper\VNC.XamlHelper.csproj", "{D7A74541-04C0-4172-8F17-C30C06290274}"
EndProject
Project("{FAE04EC0-301F-11D3-BF4B-00C04F79EFBC}") = "VNC.WPF.Presentation", "..\..\..\vnc\VNC.WPF.Presentation\VNC.WPF.Presentation.csproj", "{21E368BE-7C86-42CF-AAB7-123070FDC5AD}"
EndProject
Project("{FAE04EC0-301F-11D3-BF4B-00C04F79EFBC}") = "VNC.SPHelper", "..\..\..\vnc\VNC.SPHelper\VNC.SPHelper.csproj", "{F86A373B-1AA5-4559-BBC4-DA22E31BF17D}"
EndProject
Project("{FAE04EC0-301F-11D3-BF4B-00C04F79EFBC}") = "VNC.WPF.Presentation.Dx", "..\..\..\vnc\VNC.WPF.Presentation.Dx\VNC.WPF.Presentation.Dx.csproj", "{EF9950A0-BF0E-4046-827C-F4186D15E286}"
EndProject
Project("{FAE04EC0-301F-11D3-BF4B-00C04F79EFBC}") = "VNC.AssemblyHelper", "..\..\..\vnc\VNC.AssemblyHelper\VNC.AssemblyHelper.csproj", "{92DA2719-D048-4CCE-86C8-B18B7E6A06F0}"
EndProject
Global
	GlobalSection(SolutionConfigurationPlatforms) = preSolution
		A097921NYP|Any CPU = A097921NYP|Any CPU
		A097921NYP|x64 = A097921NYP|x64
		A097921NYP|x86 = A097921NYP|x86
		All|Any CPU = All|Any CPU
		All|x64 = All|x64
		All|x86 = All|x86
		Debug|Any CPU = Debug|Any CPU
		Debug|x64 = Debug|x64
		Debug|x86 = Debug|x86
		iDev|Any CPU = iDev|Any CPU
		iDev|x64 = iDev|x64
		iDev|x86 = iDev|x86
		Release|Any CPU = Release|Any CPU
		Release|x64 = Release|x64
		Release|x86 = Release|x86
		TRONW8|Any CPU = TRONW8|Any CPU
		TRONW8|x64 = TRONW8|x64
		TRONW8|x86 = TRONW8|x86
	EndGlobalSection
	GlobalSection(ProjectConfigurationPlatforms) = postSolution
		{90EEA2C1-ACE6-4CBE-91AC-6FE8D69B5BC3}.A097921NYP|Any CPU.ActiveCfg = All|Any CPU
		{90EEA2C1-ACE6-4CBE-91AC-6FE8D69B5BC3}.A097921NYP|Any CPU.Build.0 = All|Any CPU
		{90EEA2C1-ACE6-4CBE-91AC-6FE8D69B5BC3}.A097921NYP|x64.ActiveCfg = All|Any CPU
		{90EEA2C1-ACE6-4CBE-91AC-6FE8D69B5BC3}.A097921NYP|x64.Build.0 = All|Any CPU
		{90EEA2C1-ACE6-4CBE-91AC-6FE8D69B5BC3}.A097921NYP|x86.ActiveCfg = All|Any CPU
		{90EEA2C1-ACE6-4CBE-91AC-6FE8D69B5BC3}.A097921NYP|x86.Build.0 = All|Any CPU
		{90EEA2C1-ACE6-4CBE-91AC-6FE8D69B5BC3}.All|Any CPU.ActiveCfg = All|Any CPU
		{90EEA2C1-ACE6-4CBE-91AC-6FE8D69B5BC3}.All|Any CPU.Build.0 = All|Any CPU
		{90EEA2C1-ACE6-4CBE-91AC-6FE8D69B5BC3}.All|x64.ActiveCfg = All|Any CPU
		{90EEA2C1-ACE6-4CBE-91AC-6FE8D69B5BC3}.All|x64.Build.0 = All|Any CPU
		{90EEA2C1-ACE6-4CBE-91AC-6FE8D69B5BC3}.All|x86.ActiveCfg = All|Any CPU
		{90EEA2C1-ACE6-4CBE-91AC-6FE8D69B5BC3}.All|x86.Build.0 = All|Any CPU
		{90EEA2C1-ACE6-4CBE-91AC-6FE8D69B5BC3}.Debug|Any CPU.ActiveCfg = Debug|Any CPU
		{90EEA2C1-ACE6-4CBE-91AC-6FE8D69B5BC3}.Debug|Any CPU.Build.0 = Debug|Any CPU
		{90EEA2C1-ACE6-4CBE-91AC-6FE8D69B5BC3}.Debug|x64.ActiveCfg = Debug|Any CPU
		{90EEA2C1-ACE6-4CBE-91AC-6FE8D69B5BC3}.Debug|x64.Build.0 = Debug|Any CPU
		{90EEA2C1-ACE6-4CBE-91AC-6FE8D69B5BC3}.Debug|x86.ActiveCfg = Debug|Any CPU
		{90EEA2C1-ACE6-4CBE-91AC-6FE8D69B5BC3}.Debug|x86.Build.0 = Debug|Any CPU
		{90EEA2C1-ACE6-4CBE-91AC-6FE8D69B5BC3}.iDev|Any CPU.ActiveCfg = Release|Any CPU
		{90EEA2C1-ACE6-4CBE-91AC-6FE8D69B5BC3}.iDev|Any CPU.Build.0 = Release|Any CPU
		{90EEA2C1-ACE6-4CBE-91AC-6FE8D69B5BC3}.iDev|x64.ActiveCfg = Release|Any CPU
		{90EEA2C1-ACE6-4CBE-91AC-6FE8D69B5BC3}.iDev|x64.Build.0 = Release|Any CPU
		{90EEA2C1-ACE6-4CBE-91AC-6FE8D69B5BC3}.iDev|x86.ActiveCfg = Release|Any CPU
		{90EEA2C1-ACE6-4CBE-91AC-6FE8D69B5BC3}.iDev|x86.Build.0 = Release|Any CPU
		{90EEA2C1-ACE6-4CBE-91AC-6FE8D69B5BC3}.Release|Any CPU.ActiveCfg = Release|Any CPU
		{90EEA2C1-ACE6-4CBE-91AC-6FE8D69B5BC3}.Release|Any CPU.Build.0 = Release|Any CPU
		{90EEA2C1-ACE6-4CBE-91AC-6FE8D69B5BC3}.Release|x64.ActiveCfg = Release|Any CPU
		{90EEA2C1-ACE6-4CBE-91AC-6FE8D69B5BC3}.Release|x64.Build.0 = Release|Any CPU
		{90EEA2C1-ACE6-4CBE-91AC-6FE8D69B5BC3}.Release|x86.ActiveCfg = Release|Any CPU
		{90EEA2C1-ACE6-4CBE-91AC-6FE8D69B5BC3}.Release|x86.Build.0 = Release|Any CPU
		{90EEA2C1-ACE6-4CBE-91AC-6FE8D69B5BC3}.TRONW8|Any CPU.ActiveCfg = Release|Any CPU
		{90EEA2C1-ACE6-4CBE-91AC-6FE8D69B5BC3}.TRONW8|Any CPU.Build.0 = Release|Any CPU
		{90EEA2C1-ACE6-4CBE-91AC-6FE8D69B5BC3}.TRONW8|x64.ActiveCfg = Release|Any CPU
		{90EEA2C1-ACE6-4CBE-91AC-6FE8D69B5BC3}.TRONW8|x64.Build.0 = Release|Any CPU
		{90EEA2C1-ACE6-4CBE-91AC-6FE8D69B5BC3}.TRONW8|x86.ActiveCfg = Release|Any CPU
		{90EEA2C1-ACE6-4CBE-91AC-6FE8D69B5BC3}.TRONW8|x86.Build.0 = Release|Any CPU
		{DCD47414-B5DF-490A-A72B-CD66C68C9973}.A097921NYP|Any CPU.ActiveCfg = All|Any CPU
		{DCD47414-B5DF-490A-A72B-CD66C68C9973}.A097921NYP|Any CPU.Build.0 = All|Any CPU
		{DCD47414-B5DF-490A-A72B-CD66C68C9973}.A097921NYP|x64.ActiveCfg = All|x64
		{DCD47414-B5DF-490A-A72B-CD66C68C9973}.A097921NYP|x64.Build.0 = All|x64
		{DCD47414-B5DF-490A-A72B-CD66C68C9973}.A097921NYP|x86.ActiveCfg = All|x86
		{DCD47414-B5DF-490A-A72B-CD66C68C9973}.A097921NYP|x86.Build.0 = All|x86
		{DCD47414-B5DF-490A-A72B-CD66C68C9973}.All|Any CPU.ActiveCfg = All|Any CPU
		{DCD47414-B5DF-490A-A72B-CD66C68C9973}.All|Any CPU.Build.0 = All|Any CPU
		{DCD47414-B5DF-490A-A72B-CD66C68C9973}.All|x64.ActiveCfg = All|x64
		{DCD47414-B5DF-490A-A72B-CD66C68C9973}.All|x64.Build.0 = All|x64
		{DCD47414-B5DF-490A-A72B-CD66C68C9973}.All|x86.ActiveCfg = All|x86
		{DCD47414-B5DF-490A-A72B-CD66C68C9973}.All|x86.Build.0 = All|x86
		{DCD47414-B5DF-490A-A72B-CD66C68C9973}.Debug|Any CPU.ActiveCfg = Debug|Any CPU
		{DCD47414-B5DF-490A-A72B-CD66C68C9973}.Debug|Any CPU.Build.0 = Debug|Any CPU
		{DCD47414-B5DF-490A-A72B-CD66C68C9973}.Debug|x64.ActiveCfg = Debug|x64
		{DCD47414-B5DF-490A-A72B-CD66C68C9973}.Debug|x64.Build.0 = Debug|x64
		{DCD47414-B5DF-490A-A72B-CD66C68C9973}.Debug|x86.ActiveCfg = Debug|x86
		{DCD47414-B5DF-490A-A72B-CD66C68C9973}.Debug|x86.Build.0 = Debug|x86
		{DCD47414-B5DF-490A-A72B-CD66C68C9973}.iDev|Any CPU.ActiveCfg = Release|Any CPU
		{DCD47414-B5DF-490A-A72B-CD66C68C9973}.iDev|Any CPU.Build.0 = Release|Any CPU
		{DCD47414-B5DF-490A-A72B-CD66C68C9973}.iDev|x64.ActiveCfg = All|x64
		{DCD47414-B5DF-490A-A72B-CD66C68C9973}.iDev|x64.Build.0 = All|x64
		{DCD47414-B5DF-490A-A72B-CD66C68C9973}.iDev|x86.ActiveCfg = All|x86
		{DCD47414-B5DF-490A-A72B-CD66C68C9973}.iDev|x86.Build.0 = All|x86
		{DCD47414-B5DF-490A-A72B-CD66C68C9973}.Release|Any CPU.ActiveCfg = Release|Any CPU
		{DCD47414-B5DF-490A-A72B-CD66C68C9973}.Release|Any CPU.Build.0 = Release|Any CPU
		{DCD47414-B5DF-490A-A72B-CD66C68C9973}.Release|x64.ActiveCfg = Release|x64
		{DCD47414-B5DF-490A-A72B-CD66C68C9973}.Release|x64.Build.0 = Release|x64
		{DCD47414-B5DF-490A-A72B-CD66C68C9973}.Release|x86.ActiveCfg = Release|x86
		{DCD47414-B5DF-490A-A72B-CD66C68C9973}.Release|x86.Build.0 = Release|x86
		{DCD47414-B5DF-490A-A72B-CD66C68C9973}.TRONW8|Any CPU.ActiveCfg = Release|Any CPU
		{DCD47414-B5DF-490A-A72B-CD66C68C9973}.TRONW8|Any CPU.Build.0 = Release|Any CPU
		{DCD47414-B5DF-490A-A72B-CD66C68C9973}.TRONW8|x64.ActiveCfg = All|x64
		{DCD47414-B5DF-490A-A72B-CD66C68C9973}.TRONW8|x64.Build.0 = All|x64
		{DCD47414-B5DF-490A-A72B-CD66C68C9973}.TRONW8|x86.ActiveCfg = All|x86
		{DCD47414-B5DF-490A-A72B-CD66C68C9973}.TRONW8|x86.Build.0 = All|x86
		{88BDCDD4-816B-4A4A-8DF6-72FE2644714C}.A097921NYP|Any CPU.ActiveCfg = Release|Any CPU
		{88BDCDD4-816B-4A4A-8DF6-72FE2644714C}.A097921NYP|Any CPU.Build.0 = Release|Any CPU
		{88BDCDD4-816B-4A4A-8DF6-72FE2644714C}.A097921NYP|x64.ActiveCfg = Debug|Any CPU
		{88BDCDD4-816B-4A4A-8DF6-72FE2644714C}.A097921NYP|x64.Build.0 = Debug|Any CPU
		{88BDCDD4-816B-4A4A-8DF6-72FE2644714C}.A097921NYP|x86.ActiveCfg = Debug|Any CPU
		{88BDCDD4-816B-4A4A-8DF6-72FE2644714C}.A097921NYP|x86.Build.0 = Debug|Any CPU
		{88BDCDD4-816B-4A4A-8DF6-72FE2644714C}.All|Any CPU.ActiveCfg = Release|Any CPU
		{88BDCDD4-816B-4A4A-8DF6-72FE2644714C}.All|Any CPU.Build.0 = Release|Any CPU
		{88BDCDD4-816B-4A4A-8DF6-72FE2644714C}.All|x64.ActiveCfg = Debug|Any CPU
		{88BDCDD4-816B-4A4A-8DF6-72FE2644714C}.All|x64.Build.0 = Debug|Any CPU
		{88BDCDD4-816B-4A4A-8DF6-72FE2644714C}.All|x86.ActiveCfg = Debug|Any CPU
		{88BDCDD4-816B-4A4A-8DF6-72FE2644714C}.All|x86.Build.0 = Debug|Any CPU
		{88BDCDD4-816B-4A4A-8DF6-72FE2644714C}.Debug|Any CPU.ActiveCfg = Debug|Any CPU
		{88BDCDD4-816B-4A4A-8DF6-72FE2644714C}.Debug|Any CPU.Build.0 = Debug|Any CPU
		{88BDCDD4-816B-4A4A-8DF6-72FE2644714C}.Debug|x64.ActiveCfg = Debug|Any CPU
		{88BDCDD4-816B-4A4A-8DF6-72FE2644714C}.Debug|x64.Build.0 = Debug|Any CPU
		{88BDCDD4-816B-4A4A-8DF6-72FE2644714C}.Debug|x86.ActiveCfg = Debug|Any CPU
		{88BDCDD4-816B-4A4A-8DF6-72FE2644714C}.Debug|x86.Build.0 = Debug|Any CPU
		{88BDCDD4-816B-4A4A-8DF6-72FE2644714C}.iDev|Any CPU.ActiveCfg = Release|Any CPU
		{88BDCDD4-816B-4A4A-8DF6-72FE2644714C}.iDev|Any CPU.Build.0 = Release|Any CPU
		{88BDCDD4-816B-4A4A-8DF6-72FE2644714C}.iDev|x64.ActiveCfg = Debug|Any CPU
		{88BDCDD4-816B-4A4A-8DF6-72FE2644714C}.iDev|x64.Build.0 = Debug|Any CPU
		{88BDCDD4-816B-4A4A-8DF6-72FE2644714C}.iDev|x86.ActiveCfg = Debug|Any CPU
		{88BDCDD4-816B-4A4A-8DF6-72FE2644714C}.iDev|x86.Build.0 = Debug|Any CPU
		{88BDCDD4-816B-4A4A-8DF6-72FE2644714C}.Release|Any CPU.ActiveCfg = Release|Any CPU
		{88BDCDD4-816B-4A4A-8DF6-72FE2644714C}.Release|Any CPU.Build.0 = Release|Any CPU
		{88BDCDD4-816B-4A4A-8DF6-72FE2644714C}.Release|x64.ActiveCfg = Release|Any CPU
		{88BDCDD4-816B-4A4A-8DF6-72FE2644714C}.Release|x64.Build.0 = Release|Any CPU
		{88BDCDD4-816B-4A4A-8DF6-72FE2644714C}.Release|x86.ActiveCfg = Release|Any CPU
		{88BDCDD4-816B-4A4A-8DF6-72FE2644714C}.Release|x86.Build.0 = Release|Any CPU
		{88BDCDD4-816B-4A4A-8DF6-72FE2644714C}.TRONW8|Any CPU.ActiveCfg = Release|Any CPU
		{88BDCDD4-816B-4A4A-8DF6-72FE2644714C}.TRONW8|Any CPU.Build.0 = Release|Any CPU
		{88BDCDD4-816B-4A4A-8DF6-72FE2644714C}.TRONW8|x64.ActiveCfg = Debug|Any CPU
		{88BDCDD4-816B-4A4A-8DF6-72FE2644714C}.TRONW8|x64.Build.0 = Debug|Any CPU
		{88BDCDD4-816B-4A4A-8DF6-72FE2644714C}.TRONW8|x86.ActiveCfg = Debug|Any CPU
		{88BDCDD4-816B-4A4A-8DF6-72FE2644714C}.TRONW8|x86.Build.0 = Debug|Any CPU
		{D26CC080-8055-49DC-A176-8A6D4134AC58}.A097921NYP|Any CPU.ActiveCfg = Release|Any CPU
		{D26CC080-8055-49DC-A176-8A6D4134AC58}.A097921NYP|Any CPU.Build.0 = Release|Any CPU
		{D26CC080-8055-49DC-A176-8A6D4134AC58}.A097921NYP|x64.ActiveCfg = Debug|Any CPU
		{D26CC080-8055-49DC-A176-8A6D4134AC58}.A097921NYP|x64.Build.0 = Debug|Any CPU
		{D26CC080-8055-49DC-A176-8A6D4134AC58}.A097921NYP|x86.ActiveCfg = Debug|Any CPU
		{D26CC080-8055-49DC-A176-8A6D4134AC58}.A097921NYP|x86.Build.0 = Debug|Any CPU
		{D26CC080-8055-49DC-A176-8A6D4134AC58}.All|Any CPU.ActiveCfg = Release|Any CPU
		{D26CC080-8055-49DC-A176-8A6D4134AC58}.All|Any CPU.Build.0 = Release|Any CPU
		{D26CC080-8055-49DC-A176-8A6D4134AC58}.All|x64.ActiveCfg = Debug|Any CPU
		{D26CC080-8055-49DC-A176-8A6D4134AC58}.All|x64.Build.0 = Debug|Any CPU
		{D26CC080-8055-49DC-A176-8A6D4134AC58}.All|x86.ActiveCfg = Debug|Any CPU
		{D26CC080-8055-49DC-A176-8A6D4134AC58}.All|x86.Build.0 = Debug|Any CPU
		{D26CC080-8055-49DC-A176-8A6D4134AC58}.Debug|Any CPU.ActiveCfg = Debug|Any CPU
		{D26CC080-8055-49DC-A176-8A6D4134AC58}.Debug|Any CPU.Build.0 = Debug|Any CPU
		{D26CC080-8055-49DC-A176-8A6D4134AC58}.Debug|x64.ActiveCfg = Debug|Any CPU
		{D26CC080-8055-49DC-A176-8A6D4134AC58}.Debug|x64.Build.0 = Debug|Any CPU
		{D26CC080-8055-49DC-A176-8A6D4134AC58}.Debug|x86.ActiveCfg = Debug|Any CPU
		{D26CC080-8055-49DC-A176-8A6D4134AC58}.Debug|x86.Build.0 = Debug|Any CPU
		{D26CC080-8055-49DC-A176-8A6D4134AC58}.iDev|Any CPU.ActiveCfg = Release|Any CPU
		{D26CC080-8055-49DC-A176-8A6D4134AC58}.iDev|Any CPU.Build.0 = Release|Any CPU
		{D26CC080-8055-49DC-A176-8A6D4134AC58}.iDev|x64.ActiveCfg = Debug|Any CPU
		{D26CC080-8055-49DC-A176-8A6D4134AC58}.iDev|x64.Build.0 = Debug|Any CPU
		{D26CC080-8055-49DC-A176-8A6D4134AC58}.iDev|x86.ActiveCfg = Debug|Any CPU
		{D26CC080-8055-49DC-A176-8A6D4134AC58}.iDev|x86.Build.0 = Debug|Any CPU
		{D26CC080-8055-49DC-A176-8A6D4134AC58}.Release|Any CPU.ActiveCfg = Release|Any CPU
		{D26CC080-8055-49DC-A176-8A6D4134AC58}.Release|Any CPU.Build.0 = Release|Any CPU
		{D26CC080-8055-49DC-A176-8A6D4134AC58}.Release|x64.ActiveCfg = Release|Any CPU
		{D26CC080-8055-49DC-A176-8A6D4134AC58}.Release|x64.Build.0 = Release|Any CPU
		{D26CC080-8055-49DC-A176-8A6D4134AC58}.Release|x86.ActiveCfg = Release|Any CPU
		{D26CC080-8055-49DC-A176-8A6D4134AC58}.Release|x86.Build.0 = Release|Any CPU
		{D26CC080-8055-49DC-A176-8A6D4134AC58}.TRONW8|Any CPU.ActiveCfg = Release|Any CPU
		{D26CC080-8055-49DC-A176-8A6D4134AC58}.TRONW8|Any CPU.Build.0 = Release|Any CPU
		{D26CC080-8055-49DC-A176-8A6D4134AC58}.TRONW8|x64.ActiveCfg = Debug|Any CPU
		{D26CC080-8055-49DC-A176-8A6D4134AC58}.TRONW8|x64.Build.0 = Debug|Any CPU
		{D26CC080-8055-49DC-A176-8A6D4134AC58}.TRONW8|x86.ActiveCfg = Debug|Any CPU
		{D26CC080-8055-49DC-A176-8A6D4134AC58}.TRONW8|x86.Build.0 = Debug|Any CPU
		{4D03FB82-471E-41B3-BEF7-6788215D89A2}.A097921NYP|Any CPU.ActiveCfg = Release|Any CPU
		{4D03FB82-471E-41B3-BEF7-6788215D89A2}.A097921NYP|Any CPU.Build.0 = Release|Any CPU
		{4D03FB82-471E-41B3-BEF7-6788215D89A2}.A097921NYP|x64.ActiveCfg = Release|Any CPU
		{4D03FB82-471E-41B3-BEF7-6788215D89A2}.A097921NYP|x64.Build.0 = Release|Any CPU
		{4D03FB82-471E-41B3-BEF7-6788215D89A2}.A097921NYP|x86.ActiveCfg = Release|Any CPU
		{4D03FB82-471E-41B3-BEF7-6788215D89A2}.A097921NYP|x86.Build.0 = Release|Any CPU
		{4D03FB82-471E-41B3-BEF7-6788215D89A2}.All|Any CPU.ActiveCfg = Release|Any CPU
		{4D03FB82-471E-41B3-BEF7-6788215D89A2}.All|Any CPU.Build.0 = Release|Any CPU
		{4D03FB82-471E-41B3-BEF7-6788215D89A2}.All|x64.ActiveCfg = Release|Any CPU
		{4D03FB82-471E-41B3-BEF7-6788215D89A2}.All|x64.Build.0 = Release|Any CPU
		{4D03FB82-471E-41B3-BEF7-6788215D89A2}.All|x86.ActiveCfg = Release|Any CPU
		{4D03FB82-471E-41B3-BEF7-6788215D89A2}.All|x86.Build.0 = Release|Any CPU
		{4D03FB82-471E-41B3-BEF7-6788215D89A2}.Debug|Any CPU.ActiveCfg = Debug|Any CPU
		{4D03FB82-471E-41B3-BEF7-6788215D89A2}.Debug|Any CPU.Build.0 = Debug|Any CPU
		{4D03FB82-471E-41B3-BEF7-6788215D89A2}.Debug|x64.ActiveCfg = Debug|Any CPU
		{4D03FB82-471E-41B3-BEF7-6788215D89A2}.Debug|x64.Build.0 = Debug|Any CPU
		{4D03FB82-471E-41B3-BEF7-6788215D89A2}.Debug|x86.ActiveCfg = Debug|Any CPU
		{4D03FB82-471E-41B3-BEF7-6788215D89A2}.Debug|x86.Build.0 = Debug|Any CPU
		{4D03FB82-471E-41B3-BEF7-6788215D89A2}.iDev|Any CPU.ActiveCfg = Release|Any CPU
		{4D03FB82-471E-41B3-BEF7-6788215D89A2}.iDev|Any CPU.Build.0 = Release|Any CPU
		{4D03FB82-471E-41B3-BEF7-6788215D89A2}.iDev|x64.ActiveCfg = Release|Any CPU
		{4D03FB82-471E-41B3-BEF7-6788215D89A2}.iDev|x64.Build.0 = Release|Any CPU
		{4D03FB82-471E-41B3-BEF7-6788215D89A2}.iDev|x86.ActiveCfg = Release|Any CPU
		{4D03FB82-471E-41B3-BEF7-6788215D89A2}.iDev|x86.Build.0 = Release|Any CPU
		{4D03FB82-471E-41B3-BEF7-6788215D89A2}.Release|Any CPU.ActiveCfg = Release|Any CPU
		{4D03FB82-471E-41B3-BEF7-6788215D89A2}.Release|Any CPU.Build.0 = Release|Any CPU
		{4D03FB82-471E-41B3-BEF7-6788215D89A2}.Release|x64.ActiveCfg = Release|Any CPU
		{4D03FB82-471E-41B3-BEF7-6788215D89A2}.Release|x64.Build.0 = Release|Any CPU
		{4D03FB82-471E-41B3-BEF7-6788215D89A2}.Release|x86.ActiveCfg = Release|Any CPU
		{4D03FB82-471E-41B3-BEF7-6788215D89A2}.Release|x86.Build.0 = Release|Any CPU
		{4D03FB82-471E-41B3-BEF7-6788215D89A2}.TRONW8|Any CPU.ActiveCfg = Release|Any CPU
		{4D03FB82-471E-41B3-BEF7-6788215D89A2}.TRONW8|Any CPU.Build.0 = Release|Any CPU
		{4D03FB82-471E-41B3-BEF7-6788215D89A2}.TRONW8|x64.ActiveCfg = Release|Any CPU
		{4D03FB82-471E-41B3-BEF7-6788215D89A2}.TRONW8|x64.Build.0 = Release|Any CPU
		{4D03FB82-471E-41B3-BEF7-6788215D89A2}.TRONW8|x86.ActiveCfg = Release|Any CPU
		{4D03FB82-471E-41B3-BEF7-6788215D89A2}.TRONW8|x86.Build.0 = Release|Any CPU
		{3D9A8549-A7A8-4DF9-829E-AEAE7ECACACA}.A097921NYP|Any CPU.ActiveCfg = Release|Any CPU
		{3D9A8549-A7A8-4DF9-829E-AEAE7ECACACA}.A097921NYP|Any CPU.Build.0 = Release|Any CPU
		{3D9A8549-A7A8-4DF9-829E-AEAE7ECACACA}.A097921NYP|x64.ActiveCfg = Release|x64
		{3D9A8549-A7A8-4DF9-829E-AEAE7ECACACA}.A097921NYP|x64.Build.0 = Release|x64
		{3D9A8549-A7A8-4DF9-829E-AEAE7ECACACA}.A097921NYP|x86.ActiveCfg = Release|x86
		{3D9A8549-A7A8-4DF9-829E-AEAE7ECACACA}.A097921NYP|x86.Build.0 = Release|x86
		{3D9A8549-A7A8-4DF9-829E-AEAE7ECACACA}.All|Any CPU.ActiveCfg = Release|Any CPU
		{3D9A8549-A7A8-4DF9-829E-AEAE7ECACACA}.All|Any CPU.Build.0 = Release|Any CPU
		{3D9A8549-A7A8-4DF9-829E-AEAE7ECACACA}.All|x64.ActiveCfg = Release|x64
		{3D9A8549-A7A8-4DF9-829E-AEAE7ECACACA}.All|x64.Build.0 = Release|x64
		{3D9A8549-A7A8-4DF9-829E-AEAE7ECACACA}.All|x86.ActiveCfg = Release|x86
		{3D9A8549-A7A8-4DF9-829E-AEAE7ECACACA}.All|x86.Build.0 = Release|x86
		{3D9A8549-A7A8-4DF9-829E-AEAE7ECACACA}.Debug|Any CPU.ActiveCfg = Debug|Any CPU
		{3D9A8549-A7A8-4DF9-829E-AEAE7ECACACA}.Debug|Any CPU.Build.0 = Debug|Any CPU
		{3D9A8549-A7A8-4DF9-829E-AEAE7ECACACA}.Debug|x64.ActiveCfg = Debug|x64
		{3D9A8549-A7A8-4DF9-829E-AEAE7ECACACA}.Debug|x64.Build.0 = Debug|x64
		{3D9A8549-A7A8-4DF9-829E-AEAE7ECACACA}.Debug|x86.ActiveCfg = Debug|x86
		{3D9A8549-A7A8-4DF9-829E-AEAE7ECACACA}.Debug|x86.Build.0 = Debug|x86
		{3D9A8549-A7A8-4DF9-829E-AEAE7ECACACA}.iDev|Any CPU.ActiveCfg = Release|Any CPU
		{3D9A8549-A7A8-4DF9-829E-AEAE7ECACACA}.iDev|Any CPU.Build.0 = Release|Any CPU
		{3D9A8549-A7A8-4DF9-829E-AEAE7ECACACA}.iDev|x64.ActiveCfg = Release|x64
		{3D9A8549-A7A8-4DF9-829E-AEAE7ECACACA}.iDev|x64.Build.0 = Release|x64
		{3D9A8549-A7A8-4DF9-829E-AEAE7ECACACA}.iDev|x86.ActiveCfg = Release|x86
		{3D9A8549-A7A8-4DF9-829E-AEAE7ECACACA}.iDev|x86.Build.0 = Release|x86
		{3D9A8549-A7A8-4DF9-829E-AEAE7ECACACA}.Release|Any CPU.ActiveCfg = Release|Any CPU
		{3D9A8549-A7A8-4DF9-829E-AEAE7ECACACA}.Release|Any CPU.Build.0 = Release|Any CPU
		{3D9A8549-A7A8-4DF9-829E-AEAE7ECACACA}.Release|x64.ActiveCfg = Release|x64
		{3D9A8549-A7A8-4DF9-829E-AEAE7ECACACA}.Release|x64.Build.0 = Release|x64
		{3D9A8549-A7A8-4DF9-829E-AEAE7ECACACA}.Release|x86.ActiveCfg = Release|x86
		{3D9A8549-A7A8-4DF9-829E-AEAE7ECACACA}.Release|x86.Build.0 = Release|x86
		{3D9A8549-A7A8-4DF9-829E-AEAE7ECACACA}.TRONW8|Any CPU.ActiveCfg = Release|Any CPU
		{3D9A8549-A7A8-4DF9-829E-AEAE7ECACACA}.TRONW8|Any CPU.Build.0 = Release|Any CPU
		{3D9A8549-A7A8-4DF9-829E-AEAE7ECACACA}.TRONW8|x64.ActiveCfg = Release|x64
		{3D9A8549-A7A8-4DF9-829E-AEAE7ECACACA}.TRONW8|x64.Build.0 = Release|x64
		{3D9A8549-A7A8-4DF9-829E-AEAE7ECACACA}.TRONW8|x86.ActiveCfg = Release|x86
		{3D9A8549-A7A8-4DF9-829E-AEAE7ECACACA}.TRONW8|x86.Build.0 = Release|x86
		{BB1193EC-4836-4850-A4C4-0CD639EC39F5}.A097921NYP|Any CPU.ActiveCfg = Release|Any CPU
		{BB1193EC-4836-4850-A4C4-0CD639EC39F5}.A097921NYP|Any CPU.Build.0 = Release|Any CPU
		{BB1193EC-4836-4850-A4C4-0CD639EC39F5}.A097921NYP|x64.ActiveCfg = Release|x64
		{BB1193EC-4836-4850-A4C4-0CD639EC39F5}.A097921NYP|x64.Build.0 = Release|x64
		{BB1193EC-4836-4850-A4C4-0CD639EC39F5}.A097921NYP|x86.ActiveCfg = Release|x86
		{BB1193EC-4836-4850-A4C4-0CD639EC39F5}.A097921NYP|x86.Build.0 = Release|x86
		{BB1193EC-4836-4850-A4C4-0CD639EC39F5}.All|Any CPU.ActiveCfg = Release|Any CPU
		{BB1193EC-4836-4850-A4C4-0CD639EC39F5}.All|Any CPU.Build.0 = Release|Any CPU
		{BB1193EC-4836-4850-A4C4-0CD639EC39F5}.All|x64.ActiveCfg = Release|x64
		{BB1193EC-4836-4850-A4C4-0CD639EC39F5}.All|x64.Build.0 = Release|x64
		{BB1193EC-4836-4850-A4C4-0CD639EC39F5}.All|x86.ActiveCfg = Release|x86
		{BB1193EC-4836-4850-A4C4-0CD639EC39F5}.All|x86.Build.0 = Release|x86
		{BB1193EC-4836-4850-A4C4-0CD639EC39F5}.Debug|Any CPU.ActiveCfg = Debug|Any CPU
		{BB1193EC-4836-4850-A4C4-0CD639EC39F5}.Debug|Any CPU.Build.0 = Debug|Any CPU
		{BB1193EC-4836-4850-A4C4-0CD639EC39F5}.Debug|x64.ActiveCfg = Debug|x64
		{BB1193EC-4836-4850-A4C4-0CD639EC39F5}.Debug|x64.Build.0 = Debug|x64
		{BB1193EC-4836-4850-A4C4-0CD639EC39F5}.Debug|x86.ActiveCfg = Debug|x86
		{BB1193EC-4836-4850-A4C4-0CD639EC39F5}.Debug|x86.Build.0 = Debug|x86
		{BB1193EC-4836-4850-A4C4-0CD639EC39F5}.iDev|Any CPU.ActiveCfg = Release|Any CPU
		{BB1193EC-4836-4850-A4C4-0CD639EC39F5}.iDev|Any CPU.Build.0 = Release|Any CPU
		{BB1193EC-4836-4850-A4C4-0CD639EC39F5}.iDev|x64.ActiveCfg = Release|x64
		{BB1193EC-4836-4850-A4C4-0CD639EC39F5}.iDev|x64.Build.0 = Release|x64
		{BB1193EC-4836-4850-A4C4-0CD639EC39F5}.iDev|x86.ActiveCfg = Release|x86
		{BB1193EC-4836-4850-A4C4-0CD639EC39F5}.iDev|x86.Build.0 = Release|x86
		{BB1193EC-4836-4850-A4C4-0CD639EC39F5}.Release|Any CPU.ActiveCfg = Release|Any CPU
		{BB1193EC-4836-4850-A4C4-0CD639EC39F5}.Release|Any CPU.Build.0 = Release|Any CPU
		{BB1193EC-4836-4850-A4C4-0CD639EC39F5}.Release|x64.ActiveCfg = Release|x64
		{BB1193EC-4836-4850-A4C4-0CD639EC39F5}.Release|x64.Build.0 = Release|x64
		{BB1193EC-4836-4850-A4C4-0CD639EC39F5}.Release|x86.ActiveCfg = Release|x86
		{BB1193EC-4836-4850-A4C4-0CD639EC39F5}.Release|x86.Build.0 = Release|x86
		{BB1193EC-4836-4850-A4C4-0CD639EC39F5}.TRONW8|Any CPU.ActiveCfg = Release|Any CPU
		{BB1193EC-4836-4850-A4C4-0CD639EC39F5}.TRONW8|Any CPU.Build.0 = Release|Any CPU
		{BB1193EC-4836-4850-A4C4-0CD639EC39F5}.TRONW8|x64.ActiveCfg = Release|x64
		{BB1193EC-4836-4850-A4C4-0CD639EC39F5}.TRONW8|x64.Build.0 = Release|x64
		{BB1193EC-4836-4850-A4C4-0CD639EC39F5}.TRONW8|x86.ActiveCfg = Release|x86
		{BB1193EC-4836-4850-A4C4-0CD639EC39F5}.TRONW8|x86.Build.0 = Release|x86
		{1032CE4C-4274-476A-8AEF-7147241D4B4A}.A097921NYP|Any CPU.ActiveCfg = Debug|Any CPU
		{1032CE4C-4274-476A-8AEF-7147241D4B4A}.A097921NYP|Any CPU.Build.0 = Debug|Any CPU
		{1032CE4C-4274-476A-8AEF-7147241D4B4A}.A097921NYP|x64.ActiveCfg = Debug|Any CPU
		{1032CE4C-4274-476A-8AEF-7147241D4B4A}.A097921NYP|x64.Build.0 = Debug|Any CPU
		{1032CE4C-4274-476A-8AEF-7147241D4B4A}.A097921NYP|x86.ActiveCfg = Debug|Any CPU
		{1032CE4C-4274-476A-8AEF-7147241D4B4A}.A097921NYP|x86.Build.0 = Debug|Any CPU
		{1032CE4C-4274-476A-8AEF-7147241D4B4A}.All|Any CPU.ActiveCfg = Debug|Any CPU
		{1032CE4C-4274-476A-8AEF-7147241D4B4A}.All|Any CPU.Build.0 = Debug|Any CPU
		{1032CE4C-4274-476A-8AEF-7147241D4B4A}.All|x64.ActiveCfg = Debug|Any CPU
		{1032CE4C-4274-476A-8AEF-7147241D4B4A}.All|x64.Build.0 = Debug|Any CPU
		{1032CE4C-4274-476A-8AEF-7147241D4B4A}.All|x86.ActiveCfg = Debug|Any CPU
		{1032CE4C-4274-476A-8AEF-7147241D4B4A}.All|x86.Build.0 = Debug|Any CPU
		{1032CE4C-4274-476A-8AEF-7147241D4B4A}.Debug|Any CPU.ActiveCfg = Debug|Any CPU
		{1032CE4C-4274-476A-8AEF-7147241D4B4A}.Debug|Any CPU.Build.0 = Debug|Any CPU
		{1032CE4C-4274-476A-8AEF-7147241D4B4A}.Debug|x64.ActiveCfg = Debug|Any CPU
		{1032CE4C-4274-476A-8AEF-7147241D4B4A}.Debug|x64.Build.0 = Debug|Any CPU
		{1032CE4C-4274-476A-8AEF-7147241D4B4A}.Debug|x86.ActiveCfg = Debug|Any CPU
		{1032CE4C-4274-476A-8AEF-7147241D4B4A}.Debug|x86.Build.0 = Debug|Any CPU
		{1032CE4C-4274-476A-8AEF-7147241D4B4A}.iDev|Any CPU.ActiveCfg = Debug|Any CPU
		{1032CE4C-4274-476A-8AEF-7147241D4B4A}.iDev|Any CPU.Build.0 = Debug|Any CPU
		{1032CE4C-4274-476A-8AEF-7147241D4B4A}.iDev|x64.ActiveCfg = Debug|Any CPU
		{1032CE4C-4274-476A-8AEF-7147241D4B4A}.iDev|x64.Build.0 = Debug|Any CPU
		{1032CE4C-4274-476A-8AEF-7147241D4B4A}.iDev|x86.ActiveCfg = Debug|Any CPU
		{1032CE4C-4274-476A-8AEF-7147241D4B4A}.iDev|x86.Build.0 = Debug|Any CPU
		{1032CE4C-4274-476A-8AEF-7147241D4B4A}.Release|Any CPU.ActiveCfg = Release|Any CPU
		{1032CE4C-4274-476A-8AEF-7147241D4B4A}.Release|Any CPU.Build.0 = Release|Any CPU
		{1032CE4C-4274-476A-8AEF-7147241D4B4A}.Release|x64.ActiveCfg = Release|Any CPU
		{1032CE4C-4274-476A-8AEF-7147241D4B4A}.Release|x64.Build.0 = Release|Any CPU
		{1032CE4C-4274-476A-8AEF-7147241D4B4A}.Release|x86.ActiveCfg = Release|Any CPU
		{1032CE4C-4274-476A-8AEF-7147241D4B4A}.Release|x86.Build.0 = Release|Any CPU
		{1032CE4C-4274-476A-8AEF-7147241D4B4A}.TRONW8|Any CPU.ActiveCfg = Debug|Any CPU
		{1032CE4C-4274-476A-8AEF-7147241D4B4A}.TRONW8|Any CPU.Build.0 = Debug|Any CPU
		{1032CE4C-4274-476A-8AEF-7147241D4B4A}.TRONW8|x64.ActiveCfg = Debug|Any CPU
		{1032CE4C-4274-476A-8AEF-7147241D4B4A}.TRONW8|x64.Build.0 = Debug|Any CPU
		{1032CE4C-4274-476A-8AEF-7147241D4B4A}.TRONW8|x86.ActiveCfg = Debug|Any CPU
		{1032CE4C-4274-476A-8AEF-7147241D4B4A}.TRONW8|x86.Build.0 = Debug|Any CPU
		{C4E954D3-2A7A-48D2-B212-8B9A96BFEB4F}.A097921NYP|Any CPU.ActiveCfg = Debug|Any CPU
		{C4E954D3-2A7A-48D2-B212-8B9A96BFEB4F}.A097921NYP|Any CPU.Build.0 = Debug|Any CPU
		{C4E954D3-2A7A-48D2-B212-8B9A96BFEB4F}.A097921NYP|x64.ActiveCfg = Debug|x64
		{C4E954D3-2A7A-48D2-B212-8B9A96BFEB4F}.A097921NYP|x64.Build.0 = Debug|x64
		{C4E954D3-2A7A-48D2-B212-8B9A96BFEB4F}.A097921NYP|x86.ActiveCfg = Debug|x86
		{C4E954D3-2A7A-48D2-B212-8B9A96BFEB4F}.A097921NYP|x86.Build.0 = Debug|x86
		{C4E954D3-2A7A-48D2-B212-8B9A96BFEB4F}.All|Any CPU.ActiveCfg = Debug|Any CPU
		{C4E954D3-2A7A-48D2-B212-8B9A96BFEB4F}.All|Any CPU.Build.0 = Debug|Any CPU
		{C4E954D3-2A7A-48D2-B212-8B9A96BFEB4F}.All|x64.ActiveCfg = Debug|x64
		{C4E954D3-2A7A-48D2-B212-8B9A96BFEB4F}.All|x64.Build.0 = Debug|x64
		{C4E954D3-2A7A-48D2-B212-8B9A96BFEB4F}.All|x86.ActiveCfg = Debug|x86
		{C4E954D3-2A7A-48D2-B212-8B9A96BFEB4F}.All|x86.Build.0 = Debug|x86
		{C4E954D3-2A7A-48D2-B212-8B9A96BFEB4F}.Debug|Any CPU.ActiveCfg = Debug|Any CPU
		{C4E954D3-2A7A-48D2-B212-8B9A96BFEB4F}.Debug|Any CPU.Build.0 = Debug|Any CPU
		{C4E954D3-2A7A-48D2-B212-8B9A96BFEB4F}.Debug|x64.ActiveCfg = Debug|x64
		{C4E954D3-2A7A-48D2-B212-8B9A96BFEB4F}.Debug|x64.Build.0 = Debug|x64
		{C4E954D3-2A7A-48D2-B212-8B9A96BFEB4F}.Debug|x86.ActiveCfg = Debug|x86
		{C4E954D3-2A7A-48D2-B212-8B9A96BFEB4F}.Debug|x86.Build.0 = Debug|x86
		{C4E954D3-2A7A-48D2-B212-8B9A96BFEB4F}.iDev|Any CPU.ActiveCfg = Debug|Any CPU
		{C4E954D3-2A7A-48D2-B212-8B9A96BFEB4F}.iDev|Any CPU.Build.0 = Debug|Any CPU
		{C4E954D3-2A7A-48D2-B212-8B9A96BFEB4F}.iDev|x64.ActiveCfg = Debug|x64
		{C4E954D3-2A7A-48D2-B212-8B9A96BFEB4F}.iDev|x64.Build.0 = Debug|x64
		{C4E954D3-2A7A-48D2-B212-8B9A96BFEB4F}.iDev|x86.ActiveCfg = Debug|x86
		{C4E954D3-2A7A-48D2-B212-8B9A96BFEB4F}.iDev|x86.Build.0 = Debug|x86
		{C4E954D3-2A7A-48D2-B212-8B9A96BFEB4F}.Release|Any CPU.ActiveCfg = Release|Any CPU
		{C4E954D3-2A7A-48D2-B212-8B9A96BFEB4F}.Release|Any CPU.Build.0 = Release|Any CPU
		{C4E954D3-2A7A-48D2-B212-8B9A96BFEB4F}.Release|x64.ActiveCfg = Release|x64
		{C4E954D3-2A7A-48D2-B212-8B9A96BFEB4F}.Release|x64.Build.0 = Release|x64
		{C4E954D3-2A7A-48D2-B212-8B9A96BFEB4F}.Release|x86.ActiveCfg = Release|x86
		{C4E954D3-2A7A-48D2-B212-8B9A96BFEB4F}.Release|x86.Build.0 = Release|x86
		{C4E954D3-2A7A-48D2-B212-8B9A96BFEB4F}.TRONW8|Any CPU.ActiveCfg = Debug|Any CPU
		{C4E954D3-2A7A-48D2-B212-8B9A96BFEB4F}.TRONW8|Any CPU.Build.0 = Debug|Any CPU
		{C4E954D3-2A7A-48D2-B212-8B9A96BFEB4F}.TRONW8|x64.ActiveCfg = Debug|x64
		{C4E954D3-2A7A-48D2-B212-8B9A96BFEB4F}.TRONW8|x64.Build.0 = Debug|x64
		{C4E954D3-2A7A-48D2-B212-8B9A96BFEB4F}.TRONW8|x86.ActiveCfg = Debug|x86
		{C4E954D3-2A7A-48D2-B212-8B9A96BFEB4F}.TRONW8|x86.Build.0 = Debug|x86
		{0A14CB8D-94E2-4BD4-BAB3-1DC242D49F03}.A097921NYP|Any CPU.ActiveCfg = Debug|Any CPU
		{0A14CB8D-94E2-4BD4-BAB3-1DC242D49F03}.A097921NYP|Any CPU.Build.0 = Debug|Any CPU
		{0A14CB8D-94E2-4BD4-BAB3-1DC242D49F03}.A097921NYP|x64.ActiveCfg = Debug|x64
		{0A14CB8D-94E2-4BD4-BAB3-1DC242D49F03}.A097921NYP|x64.Build.0 = Debug|x64
		{0A14CB8D-94E2-4BD4-BAB3-1DC242D49F03}.A097921NYP|x86.ActiveCfg = Debug|x86
		{0A14CB8D-94E2-4BD4-BAB3-1DC242D49F03}.A097921NYP|x86.Build.0 = Debug|x86
		{0A14CB8D-94E2-4BD4-BAB3-1DC242D49F03}.All|Any CPU.ActiveCfg = Debug|Any CPU
		{0A14CB8D-94E2-4BD4-BAB3-1DC242D49F03}.All|Any CPU.Build.0 = Debug|Any CPU
		{0A14CB8D-94E2-4BD4-BAB3-1DC242D49F03}.All|x64.ActiveCfg = Debug|x64
		{0A14CB8D-94E2-4BD4-BAB3-1DC242D49F03}.All|x64.Build.0 = Debug|x64
		{0A14CB8D-94E2-4BD4-BAB3-1DC242D49F03}.All|x86.ActiveCfg = Debug|x86
		{0A14CB8D-94E2-4BD4-BAB3-1DC242D49F03}.All|x86.Build.0 = Debug|x86
		{0A14CB8D-94E2-4BD4-BAB3-1DC242D49F03}.Debug|Any CPU.ActiveCfg = Debug|Any CPU
		{0A14CB8D-94E2-4BD4-BAB3-1DC242D49F03}.Debug|Any CPU.Build.0 = Debug|Any CPU
		{0A14CB8D-94E2-4BD4-BAB3-1DC242D49F03}.Debug|x64.ActiveCfg = Debug|x64
		{0A14CB8D-94E2-4BD4-BAB3-1DC242D49F03}.Debug|x64.Build.0 = Debug|x64
		{0A14CB8D-94E2-4BD4-BAB3-1DC242D49F03}.Debug|x86.ActiveCfg = Debug|x86
		{0A14CB8D-94E2-4BD4-BAB3-1DC242D49F03}.Debug|x86.Build.0 = Debug|x86
		{0A14CB8D-94E2-4BD4-BAB3-1DC242D49F03}.iDev|Any CPU.ActiveCfg = Debug|Any CPU
		{0A14CB8D-94E2-4BD4-BAB3-1DC242D49F03}.iDev|Any CPU.Build.0 = Debug|Any CPU
		{0A14CB8D-94E2-4BD4-BAB3-1DC242D49F03}.iDev|x64.ActiveCfg = Debug|x64
		{0A14CB8D-94E2-4BD4-BAB3-1DC242D49F03}.iDev|x64.Build.0 = Debug|x64
		{0A14CB8D-94E2-4BD4-BAB3-1DC242D49F03}.iDev|x86.ActiveCfg = Debug|x86
		{0A14CB8D-94E2-4BD4-BAB3-1DC242D49F03}.iDev|x86.Build.0 = Debug|x86
		{0A14CB8D-94E2-4BD4-BAB3-1DC242D49F03}.Release|Any CPU.ActiveCfg = Release|Any CPU
		{0A14CB8D-94E2-4BD4-BAB3-1DC242D49F03}.Release|Any CPU.Build.0 = Release|Any CPU
		{0A14CB8D-94E2-4BD4-BAB3-1DC242D49F03}.Release|x64.ActiveCfg = Release|x64
		{0A14CB8D-94E2-4BD4-BAB3-1DC242D49F03}.Release|x64.Build.0 = Release|x64
		{0A14CB8D-94E2-4BD4-BAB3-1DC242D49F03}.Release|x86.ActiveCfg = Release|x86
		{0A14CB8D-94E2-4BD4-BAB3-1DC242D49F03}.Release|x86.Build.0 = Release|x86
		{0A14CB8D-94E2-4BD4-BAB3-1DC242D49F03}.TRONW8|Any CPU.ActiveCfg = Debug|Any CPU
		{0A14CB8D-94E2-4BD4-BAB3-1DC242D49F03}.TRONW8|Any CPU.Build.0 = Debug|Any CPU
		{0A14CB8D-94E2-4BD4-BAB3-1DC242D49F03}.TRONW8|x64.ActiveCfg = Debug|x64
		{0A14CB8D-94E2-4BD4-BAB3-1DC242D49F03}.TRONW8|x64.Build.0 = Debug|x64
		{0A14CB8D-94E2-4BD4-BAB3-1DC242D49F03}.TRONW8|x86.ActiveCfg = Debug|x86
		{0A14CB8D-94E2-4BD4-BAB3-1DC242D49F03}.TRONW8|x86.Build.0 = Debug|x86
		{E572DFB9-4A2F-4D14-887D-0E5EB1D36B2F}.A097921NYP|Any CPU.ActiveCfg = A097921NYP|Any CPU
		{E572DFB9-4A2F-4D14-887D-0E5EB1D36B2F}.A097921NYP|Any CPU.Build.0 = A097921NYP|Any CPU
		{E572DFB9-4A2F-4D14-887D-0E5EB1D36B2F}.A097921NYP|x64.ActiveCfg = A097921NYP|Any CPU
		{E572DFB9-4A2F-4D14-887D-0E5EB1D36B2F}.A097921NYP|x64.Build.0 = A097921NYP|Any CPU
		{E572DFB9-4A2F-4D14-887D-0E5EB1D36B2F}.A097921NYP|x86.ActiveCfg = A097921NYP|Any CPU
		{E572DFB9-4A2F-4D14-887D-0E5EB1D36B2F}.A097921NYP|x86.Build.0 = A097921NYP|Any CPU
		{E572DFB9-4A2F-4D14-887D-0E5EB1D36B2F}.All|Any CPU.ActiveCfg = A097921NYP|Any CPU
		{E572DFB9-4A2F-4D14-887D-0E5EB1D36B2F}.All|Any CPU.Build.0 = A097921NYP|Any CPU
		{E572DFB9-4A2F-4D14-887D-0E5EB1D36B2F}.All|x64.ActiveCfg = A097921NYP|Any CPU
		{E572DFB9-4A2F-4D14-887D-0E5EB1D36B2F}.All|x64.Build.0 = A097921NYP|Any CPU
		{E572DFB9-4A2F-4D14-887D-0E5EB1D36B2F}.All|x86.ActiveCfg = A097921NYP|Any CPU
		{E572DFB9-4A2F-4D14-887D-0E5EB1D36B2F}.All|x86.Build.0 = A097921NYP|Any CPU
		{E572DFB9-4A2F-4D14-887D-0E5EB1D36B2F}.Debug|Any CPU.ActiveCfg = Debug|Any CPU
		{E572DFB9-4A2F-4D14-887D-0E5EB1D36B2F}.Debug|Any CPU.Build.0 = Debug|Any CPU
		{E572DFB9-4A2F-4D14-887D-0E5EB1D36B2F}.Debug|x64.ActiveCfg = Debug|Any CPU
		{E572DFB9-4A2F-4D14-887D-0E5EB1D36B2F}.Debug|x64.Build.0 = Debug|Any CPU
		{E572DFB9-4A2F-4D14-887D-0E5EB1D36B2F}.Debug|x86.ActiveCfg = Debug|Any CPU
		{E572DFB9-4A2F-4D14-887D-0E5EB1D36B2F}.Debug|x86.Build.0 = Debug|Any CPU
		{E572DFB9-4A2F-4D14-887D-0E5EB1D36B2F}.iDev|Any CPU.ActiveCfg = iDev|Any CPU
		{E572DFB9-4A2F-4D14-887D-0E5EB1D36B2F}.iDev|Any CPU.Build.0 = iDev|Any CPU
		{E572DFB9-4A2F-4D14-887D-0E5EB1D36B2F}.iDev|x64.ActiveCfg = iDev|Any CPU
		{E572DFB9-4A2F-4D14-887D-0E5EB1D36B2F}.iDev|x64.Build.0 = iDev|Any CPU
		{E572DFB9-4A2F-4D14-887D-0E5EB1D36B2F}.iDev|x86.ActiveCfg = iDev|Any CPU
		{E572DFB9-4A2F-4D14-887D-0E5EB1D36B2F}.iDev|x86.Build.0 = iDev|Any CPU
		{E572DFB9-4A2F-4D14-887D-0E5EB1D36B2F}.Release|Any CPU.ActiveCfg = Release|Any CPU
		{E572DFB9-4A2F-4D14-887D-0E5EB1D36B2F}.Release|Any CPU.Build.0 = Release|Any CPU
		{E572DFB9-4A2F-4D14-887D-0E5EB1D36B2F}.Release|x64.ActiveCfg = Release|Any CPU
		{E572DFB9-4A2F-4D14-887D-0E5EB1D36B2F}.Release|x64.Build.0 = Release|Any CPU
		{E572DFB9-4A2F-4D14-887D-0E5EB1D36B2F}.Release|x86.ActiveCfg = Release|Any CPU
		{E572DFB9-4A2F-4D14-887D-0E5EB1D36B2F}.Release|x86.Build.0 = Release|Any CPU
		{E572DFB9-4A2F-4D14-887D-0E5EB1D36B2F}.TRONW8|Any CPU.ActiveCfg = TRONW8|Any CPU
		{E572DFB9-4A2F-4D14-887D-0E5EB1D36B2F}.TRONW8|Any CPU.Build.0 = TRONW8|Any CPU
		{E572DFB9-4A2F-4D14-887D-0E5EB1D36B2F}.TRONW8|x64.ActiveCfg = TRONW8|Any CPU
		{E572DFB9-4A2F-4D14-887D-0E5EB1D36B2F}.TRONW8|x64.Build.0 = TRONW8|Any CPU
		{E572DFB9-4A2F-4D14-887D-0E5EB1D36B2F}.TRONW8|x86.ActiveCfg = TRONW8|Any CPU
		{E572DFB9-4A2F-4D14-887D-0E5EB1D36B2F}.TRONW8|x86.Build.0 = TRONW8|Any CPU
		{B80909B9-9929-4796-B8E9-B07433A98F62}.A097921NYP|Any CPU.ActiveCfg = All|Any CPU
		{B80909B9-9929-4796-B8E9-B07433A98F62}.A097921NYP|Any CPU.Build.0 = All|Any CPU
		{B80909B9-9929-4796-B8E9-B07433A98F62}.A097921NYP|x64.ActiveCfg = All|Any CPU
		{B80909B9-9929-4796-B8E9-B07433A98F62}.A097921NYP|x64.Build.0 = All|Any CPU
		{B80909B9-9929-4796-B8E9-B07433A98F62}.A097921NYP|x86.ActiveCfg = All|Any CPU
		{B80909B9-9929-4796-B8E9-B07433A98F62}.A097921NYP|x86.Build.0 = All|Any CPU
		{B80909B9-9929-4796-B8E9-B07433A98F62}.All|Any CPU.ActiveCfg = All|Any CPU
		{B80909B9-9929-4796-B8E9-B07433A98F62}.All|Any CPU.Build.0 = All|Any CPU
		{B80909B9-9929-4796-B8E9-B07433A98F62}.All|x64.ActiveCfg = All|Any CPU
		{B80909B9-9929-4796-B8E9-B07433A98F62}.All|x64.Build.0 = All|Any CPU
		{B80909B9-9929-4796-B8E9-B07433A98F62}.All|x86.ActiveCfg = All|Any CPU
		{B80909B9-9929-4796-B8E9-B07433A98F62}.All|x86.Build.0 = All|Any CPU
		{B80909B9-9929-4796-B8E9-B07433A98F62}.Debug|Any CPU.ActiveCfg = Debug|Any CPU
		{B80909B9-9929-4796-B8E9-B07433A98F62}.Debug|Any CPU.Build.0 = Debug|Any CPU
		{B80909B9-9929-4796-B8E9-B07433A98F62}.Debug|x64.ActiveCfg = Debug|Any CPU
		{B80909B9-9929-4796-B8E9-B07433A98F62}.Debug|x64.Build.0 = Debug|Any CPU
		{B80909B9-9929-4796-B8E9-B07433A98F62}.Debug|x86.ActiveCfg = Debug|Any CPU
		{B80909B9-9929-4796-B8E9-B07433A98F62}.Debug|x86.Build.0 = Debug|Any CPU
		{B80909B9-9929-4796-B8E9-B07433A98F62}.iDev|Any CPU.ActiveCfg = Debug|Any CPU
		{B80909B9-9929-4796-B8E9-B07433A98F62}.iDev|Any CPU.Build.0 = Debug|Any CPU
		{B80909B9-9929-4796-B8E9-B07433A98F62}.iDev|x64.ActiveCfg = Debug|Any CPU
		{B80909B9-9929-4796-B8E9-B07433A98F62}.iDev|x64.Build.0 = Debug|Any CPU
		{B80909B9-9929-4796-B8E9-B07433A98F62}.iDev|x86.ActiveCfg = Debug|Any CPU
		{B80909B9-9929-4796-B8E9-B07433A98F62}.iDev|x86.Build.0 = Debug|Any CPU
		{B80909B9-9929-4796-B8E9-B07433A98F62}.Release|Any CPU.ActiveCfg = Release|Any CPU
		{B80909B9-9929-4796-B8E9-B07433A98F62}.Release|Any CPU.Build.0 = Release|Any CPU
		{B80909B9-9929-4796-B8E9-B07433A98F62}.Release|x64.ActiveCfg = Release|Any CPU
		{B80909B9-9929-4796-B8E9-B07433A98F62}.Release|x64.Build.0 = Release|Any CPU
		{B80909B9-9929-4796-B8E9-B07433A98F62}.Release|x86.ActiveCfg = Release|Any CPU
		{B80909B9-9929-4796-B8E9-B07433A98F62}.Release|x86.Build.0 = Release|Any CPU
		{B80909B9-9929-4796-B8E9-B07433A98F62}.TRONW8|Any CPU.ActiveCfg = Debug|Any CPU
		{B80909B9-9929-4796-B8E9-B07433A98F62}.TRONW8|Any CPU.Build.0 = Debug|Any CPU
		{B80909B9-9929-4796-B8E9-B07433A98F62}.TRONW8|x64.ActiveCfg = Debug|Any CPU
		{B80909B9-9929-4796-B8E9-B07433A98F62}.TRONW8|x64.Build.0 = Debug|Any CPU
		{B80909B9-9929-4796-B8E9-B07433A98F62}.TRONW8|x86.ActiveCfg = Debug|Any CPU
		{B80909B9-9929-4796-B8E9-B07433A98F62}.TRONW8|x86.Build.0 = Debug|Any CPU
		{D7A74541-04C0-4172-8F17-C30C06290274}.A097921NYP|Any CPU.ActiveCfg = Debug|Any CPU
		{D7A74541-04C0-4172-8F17-C30C06290274}.A097921NYP|Any CPU.Build.0 = Debug|Any CPU
		{D7A74541-04C0-4172-8F17-C30C06290274}.A097921NYP|x64.ActiveCfg = Debug|Any CPU
		{D7A74541-04C0-4172-8F17-C30C06290274}.A097921NYP|x64.Build.0 = Debug|Any CPU
		{D7A74541-04C0-4172-8F17-C30C06290274}.A097921NYP|x86.ActiveCfg = Debug|Any CPU
		{D7A74541-04C0-4172-8F17-C30C06290274}.A097921NYP|x86.Build.0 = Debug|Any CPU
		{D7A74541-04C0-4172-8F17-C30C06290274}.All|Any CPU.ActiveCfg = Debug|Any CPU
		{D7A74541-04C0-4172-8F17-C30C06290274}.All|Any CPU.Build.0 = Debug|Any CPU
		{D7A74541-04C0-4172-8F17-C30C06290274}.All|x64.ActiveCfg = Debug|Any CPU
		{D7A74541-04C0-4172-8F17-C30C06290274}.All|x64.Build.0 = Debug|Any CPU
		{D7A74541-04C0-4172-8F17-C30C06290274}.All|x86.ActiveCfg = Debug|Any CPU
		{D7A74541-04C0-4172-8F17-C30C06290274}.All|x86.Build.0 = Debug|Any CPU
		{D7A74541-04C0-4172-8F17-C30C06290274}.Debug|Any CPU.ActiveCfg = Debug|Any CPU
		{D7A74541-04C0-4172-8F17-C30C06290274}.Debug|Any CPU.Build.0 = Debug|Any CPU
		{D7A74541-04C0-4172-8F17-C30C06290274}.Debug|x64.ActiveCfg = Debug|Any CPU
		{D7A74541-04C0-4172-8F17-C30C06290274}.Debug|x64.Build.0 = Debug|Any CPU
		{D7A74541-04C0-4172-8F17-C30C06290274}.Debug|x86.ActiveCfg = Debug|Any CPU
		{D7A74541-04C0-4172-8F17-C30C06290274}.Debug|x86.Build.0 = Debug|Any CPU
		{D7A74541-04C0-4172-8F17-C30C06290274}.iDev|Any CPU.ActiveCfg = Debug|Any CPU
		{D7A74541-04C0-4172-8F17-C30C06290274}.iDev|Any CPU.Build.0 = Debug|Any CPU
		{D7A74541-04C0-4172-8F17-C30C06290274}.iDev|x64.ActiveCfg = Debug|Any CPU
		{D7A74541-04C0-4172-8F17-C30C06290274}.iDev|x64.Build.0 = Debug|Any CPU
		{D7A74541-04C0-4172-8F17-C30C06290274}.iDev|x86.ActiveCfg = Debug|Any CPU
		{D7A74541-04C0-4172-8F17-C30C06290274}.iDev|x86.Build.0 = Debug|Any CPU
		{D7A74541-04C0-4172-8F17-C30C06290274}.Release|Any CPU.ActiveCfg = Release|Any CPU
		{D7A74541-04C0-4172-8F17-C30C06290274}.Release|Any CPU.Build.0 = Release|Any CPU
		{D7A74541-04C0-4172-8F17-C30C06290274}.Release|x64.ActiveCfg = Release|Any CPU
		{D7A74541-04C0-4172-8F17-C30C06290274}.Release|x64.Build.0 = Release|Any CPU
		{D7A74541-04C0-4172-8F17-C30C06290274}.Release|x86.ActiveCfg = Release|Any CPU
		{D7A74541-04C0-4172-8F17-C30C06290274}.Release|x86.Build.0 = Release|Any CPU
		{D7A74541-04C0-4172-8F17-C30C06290274}.TRONW8|Any CPU.ActiveCfg = Debug|Any CPU
		{D7A74541-04C0-4172-8F17-C30C06290274}.TRONW8|Any CPU.Build.0 = Debug|Any CPU
		{D7A74541-04C0-4172-8F17-C30C06290274}.TRONW8|x64.ActiveCfg = Debug|Any CPU
		{D7A74541-04C0-4172-8F17-C30C06290274}.TRONW8|x64.Build.0 = Debug|Any CPU
		{D7A74541-04C0-4172-8F17-C30C06290274}.TRONW8|x86.ActiveCfg = Debug|Any CPU
		{D7A74541-04C0-4172-8F17-C30C06290274}.TRONW8|x86.Build.0 = Debug|Any CPU
		{21E368BE-7C86-42CF-AAB7-123070FDC5AD}.A097921NYP|Any CPU.ActiveCfg = Debug|Any CPU
		{21E368BE-7C86-42CF-AAB7-123070FDC5AD}.A097921NYP|Any CPU.Build.0 = Debug|Any CPU
		{21E368BE-7C86-42CF-AAB7-123070FDC5AD}.A097921NYP|x64.ActiveCfg = Debug|Any CPU
		{21E368BE-7C86-42CF-AAB7-123070FDC5AD}.A097921NYP|x64.Build.0 = Debug|Any CPU
		{21E368BE-7C86-42CF-AAB7-123070FDC5AD}.A097921NYP|x86.ActiveCfg = Debug|Any CPU
		{21E368BE-7C86-42CF-AAB7-123070FDC5AD}.A097921NYP|x86.Build.0 = Debug|Any CPU
		{21E368BE-7C86-42CF-AAB7-123070FDC5AD}.All|Any CPU.ActiveCfg = Debug|Any CPU
		{21E368BE-7C86-42CF-AAB7-123070FDC5AD}.All|Any CPU.Build.0 = Debug|Any CPU
		{21E368BE-7C86-42CF-AAB7-123070FDC5AD}.All|x64.ActiveCfg = Debug|Any CPU
		{21E368BE-7C86-42CF-AAB7-123070FDC5AD}.All|x64.Build.0 = Debug|Any CPU
		{21E368BE-7C86-42CF-AAB7-123070FDC5AD}.All|x86.ActiveCfg = Debug|Any CPU
		{21E368BE-7C86-42CF-AAB7-123070FDC5AD}.All|x86.Build.0 = Debug|Any CPU
		{21E368BE-7C86-42CF-AAB7-123070FDC5AD}.Debug|Any CPU.ActiveCfg = Debug|Any CPU
		{21E368BE-7C86-42CF-AAB7-123070FDC5AD}.Debug|Any CPU.Build.0 = Debug|Any CPU
		{21E368BE-7C86-42CF-AAB7-123070FDC5AD}.Debug|x64.ActiveCfg = Debug|Any CPU
		{21E368BE-7C86-42CF-AAB7-123070FDC5AD}.Debug|x64.Build.0 = Debug|Any CPU
		{21E368BE-7C86-42CF-AAB7-123070FDC5AD}.Debug|x86.ActiveCfg = Debug|Any CPU
		{21E368BE-7C86-42CF-AAB7-123070FDC5AD}.Debug|x86.Build.0 = Debug|Any CPU
		{21E368BE-7C86-42CF-AAB7-123070FDC5AD}.iDev|Any CPU.ActiveCfg = Debug|Any CPU
		{21E368BE-7C86-42CF-AAB7-123070FDC5AD}.iDev|Any CPU.Build.0 = Debug|Any CPU
		{21E368BE-7C86-42CF-AAB7-123070FDC5AD}.iDev|x64.ActiveCfg = Debug|Any CPU
		{21E368BE-7C86-42CF-AAB7-123070FDC5AD}.iDev|x64.Build.0 = Debug|Any CPU
		{21E368BE-7C86-42CF-AAB7-123070FDC5AD}.iDev|x86.ActiveCfg = Debug|Any CPU
		{21E368BE-7C86-42CF-AAB7-123070FDC5AD}.iDev|x86.Build.0 = Debug|Any CPU
		{21E368BE-7C86-42CF-AAB7-123070FDC5AD}.Release|Any CPU.ActiveCfg = Release|Any CPU
		{21E368BE-7C86-42CF-AAB7-123070FDC5AD}.Release|Any CPU.Build.0 = Release|Any CPU
		{21E368BE-7C86-42CF-AAB7-123070FDC5AD}.Release|x64.ActiveCfg = Release|Any CPU
		{21E368BE-7C86-42CF-AAB7-123070FDC5AD}.Release|x64.Build.0 = Release|Any CPU
		{21E368BE-7C86-42CF-AAB7-123070FDC5AD}.Release|x86.ActiveCfg = Release|Any CPU
		{21E368BE-7C86-42CF-AAB7-123070FDC5AD}.Release|x86.Build.0 = Release|Any CPU
		{21E368BE-7C86-42CF-AAB7-123070FDC5AD}.TRONW8|Any CPU.ActiveCfg = Debug|Any CPU
		{21E368BE-7C86-42CF-AAB7-123070FDC5AD}.TRONW8|Any CPU.Build.0 = Debug|Any CPU
		{21E368BE-7C86-42CF-AAB7-123070FDC5AD}.TRONW8|x64.ActiveCfg = Debug|Any CPU
		{21E368BE-7C86-42CF-AAB7-123070FDC5AD}.TRONW8|x64.Build.0 = Debug|Any CPU
		{21E368BE-7C86-42CF-AAB7-123070FDC5AD}.TRONW8|x86.ActiveCfg = Debug|Any CPU
		{21E368BE-7C86-42CF-AAB7-123070FDC5AD}.TRONW8|x86.Build.0 = Debug|Any CPU
		{F86A373B-1AA5-4559-BBC4-DA22E31BF17D}.A097921NYP|Any CPU.ActiveCfg = All|Any CPU
		{F86A373B-1AA5-4559-BBC4-DA22E31BF17D}.A097921NYP|Any CPU.Build.0 = All|Any CPU
		{F86A373B-1AA5-4559-BBC4-DA22E31BF17D}.A097921NYP|x64.ActiveCfg = All|Any CPU
		{F86A373B-1AA5-4559-BBC4-DA22E31BF17D}.A097921NYP|x64.Build.0 = All|Any CPU
		{F86A373B-1AA5-4559-BBC4-DA22E31BF17D}.A097921NYP|x86.ActiveCfg = All|Any CPU
		{F86A373B-1AA5-4559-BBC4-DA22E31BF17D}.A097921NYP|x86.Build.0 = All|Any CPU
		{F86A373B-1AA5-4559-BBC4-DA22E31BF17D}.All|Any CPU.ActiveCfg = All|Any CPU
		{F86A373B-1AA5-4559-BBC4-DA22E31BF17D}.All|Any CPU.Build.0 = All|Any CPU
		{F86A373B-1AA5-4559-BBC4-DA22E31BF17D}.All|x64.ActiveCfg = All|Any CPU
		{F86A373B-1AA5-4559-BBC4-DA22E31BF17D}.All|x64.Build.0 = All|Any CPU
		{F86A373B-1AA5-4559-BBC4-DA22E31BF17D}.All|x86.ActiveCfg = All|Any CPU
		{F86A373B-1AA5-4559-BBC4-DA22E31BF17D}.All|x86.Build.0 = All|Any CPU
		{F86A373B-1AA5-4559-BBC4-DA22E31BF17D}.Debug|Any CPU.ActiveCfg = Debug|Any CPU
		{F86A373B-1AA5-4559-BBC4-DA22E31BF17D}.Debug|Any CPU.Build.0 = Debug|Any CPU
		{F86A373B-1AA5-4559-BBC4-DA22E31BF17D}.Debug|x64.ActiveCfg = Debug|Any CPU
		{F86A373B-1AA5-4559-BBC4-DA22E31BF17D}.Debug|x64.Build.0 = Debug|Any CPU
		{F86A373B-1AA5-4559-BBC4-DA22E31BF17D}.Debug|x86.ActiveCfg = Debug|Any CPU
		{F86A373B-1AA5-4559-BBC4-DA22E31BF17D}.Debug|x86.Build.0 = Debug|Any CPU
		{F86A373B-1AA5-4559-BBC4-DA22E31BF17D}.iDev|Any CPU.ActiveCfg = Debug|Any CPU
		{F86A373B-1AA5-4559-BBC4-DA22E31BF17D}.iDev|Any CPU.Build.0 = Debug|Any CPU
		{F86A373B-1AA5-4559-BBC4-DA22E31BF17D}.iDev|x64.ActiveCfg = Debug|Any CPU
		{F86A373B-1AA5-4559-BBC4-DA22E31BF17D}.iDev|x64.Build.0 = Debug|Any CPU
		{F86A373B-1AA5-4559-BBC4-DA22E31BF17D}.iDev|x86.ActiveCfg = Debug|Any CPU
		{F86A373B-1AA5-4559-BBC4-DA22E31BF17D}.iDev|x86.Build.0 = Debug|Any CPU
		{F86A373B-1AA5-4559-BBC4-DA22E31BF17D}.Release|Any CPU.ActiveCfg = Release|Any CPU
		{F86A373B-1AA5-4559-BBC4-DA22E31BF17D}.Release|Any CPU.Build.0 = Release|Any CPU
		{F86A373B-1AA5-4559-BBC4-DA22E31BF17D}.Release|x64.ActiveCfg = Release|Any CPU
		{F86A373B-1AA5-4559-BBC4-DA22E31BF17D}.Release|x64.Build.0 = Release|Any CPU
		{F86A373B-1AA5-4559-BBC4-DA22E31BF17D}.Release|x86.ActiveCfg = Release|Any CPU
		{F86A373B-1AA5-4559-BBC4-DA22E31BF17D}.Release|x86.Build.0 = Release|Any CPU
		{F86A373B-1AA5-4559-BBC4-DA22E31BF17D}.TRONW8|Any CPU.ActiveCfg = Debug|Any CPU
		{F86A373B-1AA5-4559-BBC4-DA22E31BF17D}.TRONW8|Any CPU.Build.0 = Debug|Any CPU
		{F86A373B-1AA5-4559-BBC4-DA22E31BF17D}.TRONW8|x64.ActiveCfg = Debug|Any CPU
		{F86A373B-1AA5-4559-BBC4-DA22E31BF17D}.TRONW8|x64.Build.0 = Debug|Any CPU
		{F86A373B-1AA5-4559-BBC4-DA22E31BF17D}.TRONW8|x86.ActiveCfg = Debug|Any CPU
		{F86A373B-1AA5-4559-BBC4-DA22E31BF17D}.TRONW8|x86.Build.0 = Debug|Any CPU
		{EF9950A0-BF0E-4046-827C-F4186D15E286}.A097921NYP|Any CPU.ActiveCfg = Debug|Any CPU
		{EF9950A0-BF0E-4046-827C-F4186D15E286}.A097921NYP|Any CPU.Build.0 = Debug|Any CPU
		{EF9950A0-BF0E-4046-827C-F4186D15E286}.A097921NYP|x64.ActiveCfg = Debug|Any CPU
		{EF9950A0-BF0E-4046-827C-F4186D15E286}.A097921NYP|x64.Build.0 = Debug|Any CPU
		{EF9950A0-BF0E-4046-827C-F4186D15E286}.A097921NYP|x86.ActiveCfg = Debug|Any CPU
		{EF9950A0-BF0E-4046-827C-F4186D15E286}.A097921NYP|x86.Build.0 = Debug|Any CPU
		{EF9950A0-BF0E-4046-827C-F4186D15E286}.All|Any CPU.ActiveCfg = Debug|Any CPU
		{EF9950A0-BF0E-4046-827C-F4186D15E286}.All|Any CPU.Build.0 = Debug|Any CPU
		{EF9950A0-BF0E-4046-827C-F4186D15E286}.All|x64.ActiveCfg = Debug|Any CPU
		{EF9950A0-BF0E-4046-827C-F4186D15E286}.All|x64.Build.0 = Debug|Any CPU
		{EF9950A0-BF0E-4046-827C-F4186D15E286}.All|x86.ActiveCfg = Debug|Any CPU
		{EF9950A0-BF0E-4046-827C-F4186D15E286}.All|x86.Build.0 = Debug|Any CPU
		{EF9950A0-BF0E-4046-827C-F4186D15E286}.Debug|Any CPU.ActiveCfg = Debug|Any CPU
		{EF9950A0-BF0E-4046-827C-F4186D15E286}.Debug|Any CPU.Build.0 = Debug|Any CPU
		{EF9950A0-BF0E-4046-827C-F4186D15E286}.Debug|x64.ActiveCfg = Debug|Any CPU
		{EF9950A0-BF0E-4046-827C-F4186D15E286}.Debug|x64.Build.0 = Debug|Any CPU
		{EF9950A0-BF0E-4046-827C-F4186D15E286}.Debug|x86.ActiveCfg = Debug|Any CPU
		{EF9950A0-BF0E-4046-827C-F4186D15E286}.Debug|x86.Build.0 = Debug|Any CPU
		{EF9950A0-BF0E-4046-827C-F4186D15E286}.iDev|Any CPU.ActiveCfg = Debug|Any CPU
		{EF9950A0-BF0E-4046-827C-F4186D15E286}.iDev|Any CPU.Build.0 = Debug|Any CPU
		{EF9950A0-BF0E-4046-827C-F4186D15E286}.iDev|x64.ActiveCfg = Debug|Any CPU
		{EF9950A0-BF0E-4046-827C-F4186D15E286}.iDev|x64.Build.0 = Debug|Any CPU
		{EF9950A0-BF0E-4046-827C-F4186D15E286}.iDev|x86.ActiveCfg = Debug|Any CPU
		{EF9950A0-BF0E-4046-827C-F4186D15E286}.iDev|x86.Build.0 = Debug|Any CPU
		{EF9950A0-BF0E-4046-827C-F4186D15E286}.Release|Any CPU.ActiveCfg = Release|Any CPU
		{EF9950A0-BF0E-4046-827C-F4186D15E286}.Release|Any CPU.Build.0 = Release|Any CPU
		{EF9950A0-BF0E-4046-827C-F4186D15E286}.Release|x64.ActiveCfg = Release|Any CPU
		{EF9950A0-BF0E-4046-827C-F4186D15E286}.Release|x64.Build.0 = Release|Any CPU
		{EF9950A0-BF0E-4046-827C-F4186D15E286}.Release|x86.ActiveCfg = Release|Any CPU
		{EF9950A0-BF0E-4046-827C-F4186D15E286}.Release|x86.Build.0 = Release|Any CPU
		{EF9950A0-BF0E-4046-827C-F4186D15E286}.TRONW8|Any CPU.ActiveCfg = Debug|Any CPU
		{EF9950A0-BF0E-4046-827C-F4186D15E286}.TRONW8|Any CPU.Build.0 = Debug|Any CPU
		{EF9950A0-BF0E-4046-827C-F4186D15E286}.TRONW8|x64.ActiveCfg = Debug|Any CPU
		{EF9950A0-BF0E-4046-827C-F4186D15E286}.TRONW8|x64.Build.0 = Debug|Any CPU
		{EF9950A0-BF0E-4046-827C-F4186D15E286}.TRONW8|x86.ActiveCfg = Debug|Any CPU
		{EF9950A0-BF0E-4046-827C-F4186D15E286}.TRONW8|x86.Build.0 = Debug|Any CPU
		{92DA2719-D048-4CCE-86C8-B18B7E6A06F0}.A097921NYP|Any CPU.ActiveCfg = Debug|Any CPU
		{92DA2719-D048-4CCE-86C8-B18B7E6A06F0}.A097921NYP|Any CPU.Build.0 = Debug|Any CPU
		{92DA2719-D048-4CCE-86C8-B18B7E6A06F0}.A097921NYP|x64.ActiveCfg = Debug|Any CPU
		{92DA2719-D048-4CCE-86C8-B18B7E6A06F0}.A097921NYP|x64.Build.0 = Debug|Any CPU
		{92DA2719-D048-4CCE-86C8-B18B7E6A06F0}.A097921NYP|x86.ActiveCfg = Debug|Any CPU
		{92DA2719-D048-4CCE-86C8-B18B7E6A06F0}.A097921NYP|x86.Build.0 = Debug|Any CPU
		{92DA2719-D048-4CCE-86C8-B18B7E6A06F0}.All|Any CPU.ActiveCfg = Debug|Any CPU
		{92DA2719-D048-4CCE-86C8-B18B7E6A06F0}.All|Any CPU.Build.0 = Debug|Any CPU
		{92DA2719-D048-4CCE-86C8-B18B7E6A06F0}.All|x64.ActiveCfg = Debug|Any CPU
		{92DA2719-D048-4CCE-86C8-B18B7E6A06F0}.All|x64.Build.0 = Debug|Any CPU
		{92DA2719-D048-4CCE-86C8-B18B7E6A06F0}.All|x86.ActiveCfg = Debug|Any CPU
		{92DA2719-D048-4CCE-86C8-B18B7E6A06F0}.All|x86.Build.0 = Debug|Any CPU
		{92DA2719-D048-4CCE-86C8-B18B7E6A06F0}.Debug|Any CPU.ActiveCfg = Debug|Any CPU
		{92DA2719-D048-4CCE-86C8-B18B7E6A06F0}.Debug|Any CPU.Build.0 = Debug|Any CPU
		{92DA2719-D048-4CCE-86C8-B18B7E6A06F0}.Debug|x64.ActiveCfg = Debug|Any CPU
		{92DA2719-D048-4CCE-86C8-B18B7E6A06F0}.Debug|x64.Build.0 = Debug|Any CPU
		{92DA2719-D048-4CCE-86C8-B18B7E6A06F0}.Debug|x86.ActiveCfg = Debug|Any CPU
		{92DA2719-D048-4CCE-86C8-B18B7E6A06F0}.Debug|x86.Build.0 = Debug|Any CPU
		{92DA2719-D048-4CCE-86C8-B18B7E6A06F0}.iDev|Any CPU.ActiveCfg = Debug|Any CPU
		{92DA2719-D048-4CCE-86C8-B18B7E6A06F0}.iDev|Any CPU.Build.0 = Debug|Any CPU
		{92DA2719-D048-4CCE-86C8-B18B7E6A06F0}.iDev|x64.ActiveCfg = Debug|Any CPU
		{92DA2719-D048-4CCE-86C8-B18B7E6A06F0}.iDev|x64.Build.0 = Debug|Any CPU
		{92DA2719-D048-4CCE-86C8-B18B7E6A06F0}.iDev|x86.ActiveCfg = Debug|Any CPU
		{92DA2719-D048-4CCE-86C8-B18B7E6A06F0}.iDev|x86.Build.0 = Debug|Any CPU
		{92DA2719-D048-4CCE-86C8-B18B7E6A06F0}.Release|Any CPU.ActiveCfg = Release|Any CPU
		{92DA2719-D048-4CCE-86C8-B18B7E6A06F0}.Release|Any CPU.Build.0 = Release|Any CPU
		{92DA2719-D048-4CCE-86C8-B18B7E6A06F0}.Release|x64.ActiveCfg = Release|Any CPU
		{92DA2719-D048-4CCE-86C8-B18B7E6A06F0}.Release|x64.Build.0 = Release|Any CPU
		{92DA2719-D048-4CCE-86C8-B18B7E6A06F0}.Release|x86.ActiveCfg = Release|Any CPU
		{92DA2719-D048-4CCE-86C8-B18B7E6A06F0}.Release|x86.Build.0 = Release|Any CPU
		{92DA2719-D048-4CCE-86C8-B18B7E6A06F0}.TRONW8|Any CPU.ActiveCfg = Debug|Any CPU
		{92DA2719-D048-4CCE-86C8-B18B7E6A06F0}.TRONW8|Any CPU.Build.0 = Debug|Any CPU
		{92DA2719-D048-4CCE-86C8-B18B7E6A06F0}.TRONW8|x64.ActiveCfg = Debug|Any CPU
		{92DA2719-D048-4CCE-86C8-B18B7E6A06F0}.TRONW8|x64.Build.0 = Debug|Any CPU
		{92DA2719-D048-4CCE-86C8-B18B7E6A06F0}.TRONW8|x86.ActiveCfg = Debug|Any CPU
		{92DA2719-D048-4CCE-86C8-B18B7E6A06F0}.TRONW8|x86.Build.0 = Debug|Any CPU
	EndGlobalSection
	GlobalSection(SolutionProperties) = preSolution
		HideSolutionNode = FALSE
	EndGlobalSection
	GlobalSection(NestedProjects) = preSolution
		{90EEA2C1-ACE6-4CBE-91AC-6FE8D69B5BC3} = {A2FA3A9A-78D6-47B4-B805-AF7FF9508FE1}
		{DCD47414-B5DF-490A-A72B-CD66C68C9973} = {218FF1DE-B270-4651-AE7A-61912FF7EA42}
		{D26CC080-8055-49DC-A176-8A6D4134AC58} = {A2FA3A9A-78D6-47B4-B805-AF7FF9508FE1}
		{4D03FB82-471E-41B3-BEF7-6788215D89A2} = {A2FA3A9A-78D6-47B4-B805-AF7FF9508FE1}
		{3D9A8549-A7A8-4DF9-829E-AEAE7ECACACA} = {A48D6CA7-3475-4E8D-A69A-0A5F58753AE2}
		{BB1193EC-4836-4850-A4C4-0CD639EC39F5} = {218FF1DE-B270-4651-AE7A-61912FF7EA42}
		{1032CE4C-4274-476A-8AEF-7147241D4B4A} = {218FF1DE-B270-4651-AE7A-61912FF7EA42}
		{C4E954D3-2A7A-48D2-B212-8B9A96BFEB4F} = {218FF1DE-B270-4651-AE7A-61912FF7EA42}
		{0A14CB8D-94E2-4BD4-BAB3-1DC242D49F03} = {218FF1DE-B270-4651-AE7A-61912FF7EA42}
		{E572DFB9-4A2F-4D14-887D-0E5EB1D36B2F} = {218FF1DE-B270-4651-AE7A-61912FF7EA42}
		{B80909B9-9929-4796-B8E9-B07433A98F62} = {218FF1DE-B270-4651-AE7A-61912FF7EA42}
		{D7A74541-04C0-4172-8F17-C30C06290274} = {218FF1DE-B270-4651-AE7A-61912FF7EA42}
		{21E368BE-7C86-42CF-AAB7-123070FDC5AD} = {218FF1DE-B270-4651-AE7A-61912FF7EA42}
		{F86A373B-1AA5-4559-BBC4-DA22E31BF17D} = {218FF1DE-B270-4651-AE7A-61912FF7EA42}
		{EF9950A0-BF0E-4046-827C-F4186D15E286} = {218FF1DE-B270-4651-AE7A-61912FF7EA42}
		{92DA2719-D048-4CCE-86C8-B18B7E6A06F0} = {218FF1DE-B270-4651-AE7A-61912FF7EA42}
	EndGlobalSection
	GlobalSection(ExtensibilityGlobals) = postSolution
		EnterpriseLibraryConfigurationToolBinariesPathV6 = packages\EnterpriseLibrary.Common.6.0.1304.0\lib\NET45;packages\EnterpriseLibrary.Logging.6.0.1304.0\lib\NET45
		SolutionGuid = {AEA2EFEA-B2AD-4B26-8A98-3EB10703C746}
	EndGlobalSection
EndGlobal
